PODS:
  - Airship (16.8.0):
    - Airship/Automation (= 16.8.0)
    - Airship/Basement (= 16.8.0)
    - Airship/Core (= 16.8.0)
    - Airship/ExtendedActions (= 16.8.0)
    - Airship/MessageCenter (= 16.8.0)
  - Airship/Automation (16.8.0):
    - Airship/Core
  - Airship/Basement (16.8.0)
  - Airship/Core (16.8.0):
    - Airship/Basement
  - Airship/ExtendedActions (16.8.0):
    - Airship/Core
  - Airship/MessageCenter (16.8.0):
    - Airship/Core
  - boost (1.76.0)
  - CocoaAsyncSocket (7.6.5)
  - DoubleConversion (1.1.6)
  - FBLazyVector (0.70.4-alpha.2)
  - FBReactNativeSpec (0.70.4-alpha.2):
    - RCT-Folly (= 2021.07.22.00)
    - RCTRequired (= 0.70.4-alpha.2)
    - RCTTypeSafety (= 0.70.4-alpha.2)
    - React-Core (= 0.70.4-alpha.2)
    - React-jsi (= 0.70.4-alpha.2)
    - ReactCommon/turbomodule/core (= 0.70.4-alpha.2)
  - Firebase/Analytics (8.8.0):
    - Firebase/Core
  - Firebase/Core (8.8.0):
    - Firebase/CoreOnly
    - FirebaseAnalytics (~> 8.8.0)
  - Firebase/CoreOnly (8.8.0):
    - FirebaseCore (= 8.8.0)
  - Firebase/Crashlytics (8.8.0):
    - Firebase/CoreOnly
    - FirebaseCrashlytics (~> 8.8.0)
  - Firebase/Performance (8.8.0):
    - Firebase/CoreOnly
    - FirebasePerformance (~> 8.8.0)
  - FirebaseABTesting (8.15.0):
    - FirebaseCore (~> 8.0)
  - FirebaseAnalytics (8.8.0):
    - FirebaseAnalytics/AdIdSupport (= 8.8.0)
    - FirebaseCore (~> 8.0)
    - FirebaseInstallations (~> 8.0)
    - GoogleUtilities/AppDelegateSwizzler (~> 7.4)
    - GoogleUtilities/MethodSwizzler (~> 7.4)
    - GoogleUtilities/Network (~> 7.4)
    - "GoogleUtilities/NSData+zlib (~> 7.4)"
    - nanopb (~> 2.30908.0)
  - FirebaseAnalytics/AdIdSupport (8.8.0):
    - FirebaseCore (~> 8.0)
    - FirebaseInstallations (~> 8.0)
    - GoogleAppMeasurement (= 8.8.0)
    - GoogleUtilities/AppDelegateSwizzler (~> 7.4)
    - GoogleUtilities/MethodSwizzler (~> 7.4)
    - GoogleUtilities/Network (~> 7.4)
    - "GoogleUtilities/NSData+zlib (~> 7.4)"
    - nanopb (~> 2.30908.0)
  - FirebaseCore (8.8.0):
    - FirebaseCoreDiagnostics (~> 8.0)
    - GoogleUtilities/Environment (~> 7.4)
    - GoogleUtilities/Logger (~> 7.4)
  - FirebaseCoreDiagnostics (8.15.0):
    - GoogleDataTransport (~> 9.1)
    - GoogleUtilities/Environment (~> 7.7)
    - GoogleUtilities/Logger (~> 7.7)
    - nanopb (~> 2.30908.0)
  - FirebaseCrashlytics (8.8.0):
    - FirebaseCore (~> 8.0)
    - FirebaseInstallations (~> 8.0)
    - GoogleDataTransport (~> 9.0)
    - GoogleUtilities/Environment (~> 7.4)
    - nanopb (~> 2.30908.0)
    - PromisesObjC (< 3.0, >= 1.2)
  - FirebaseInstallations (8.15.0):
    - FirebaseCore (~> 8.0)
    - GoogleUtilities/Environment (~> 7.7)
    - GoogleUtilities/UserDefaults (~> 7.7)
    - PromisesObjC (< 3.0, >= 1.2)
  - FirebasePerformance (8.8.0):
    - FirebaseCore (~> 8.0)
    - FirebaseInstallations (~> 8.0)
    - FirebaseRemoteConfig (~> 8.0)
    - GoogleDataTransport (~> 9.0)
    - GoogleUtilities/Environment (~> 7.4)
    - GoogleUtilities/ISASwizzler (~> 7.4)
    - GoogleUtilities/MethodSwizzler (~> 7.4)
    - nanopb (~> 2.30908.0)
  - FirebaseRemoteConfig (8.15.0):
    - FirebaseABTesting (~> 8.0)
    - FirebaseCore (~> 8.0)
    - FirebaseInstallations (~> 8.0)
    - GoogleUtilities/Environment (~> 7.7)
    - "GoogleUtilities/NSData+zlib (~> 7.7)"
  - Flipper (0.125.0):
    - Flipper-Folly (~> 2.6)
    - Flipper-RSocket (~> 1.4)
  - Flipper-Boost-iOSX (1.76.0.1.11)
  - Flipper-DoubleConversion (3.2.0.1)
  - Flipper-Fmt (7.1.7)
  - Flipper-Folly (2.6.10):
    - Flipper-Boost-iOSX
    - Flipper-DoubleConversion
    - Flipper-Fmt (= 7.1.7)
    - Flipper-Glog
    - libevent (~> 2.1.12)
    - OpenSSL-Universal (= 1.1.1100)
  - Flipper-Glog (0.5.0.5)
  - Flipper-PeerTalk (0.0.4)
  - Flipper-RSocket (1.4.3):
    - Flipper-Folly (~> 2.6)
  - FlipperKit (0.125.0):
    - FlipperKit/Core (= 0.125.0)
  - FlipperKit/Core (0.125.0):
    - Flipper (~> 0.125.0)
    - FlipperKit/CppBridge
    - FlipperKit/FBCxxFollyDynamicConvert
    - FlipperKit/FBDefines
    - FlipperKit/FKPortForwarding
    - SocketRocket (~> 0.6.0)
  - FlipperKit/CppBridge (0.125.0):
    - Flipper (~> 0.125.0)
  - FlipperKit/FBCxxFollyDynamicConvert (0.125.0):
    - Flipper-Folly (~> 2.6)
  - FlipperKit/FBDefines (0.125.0)
  - FlipperKit/FKPortForwarding (0.125.0):
    - CocoaAsyncSocket (~> 7.6)
    - Flipper-PeerTalk (~> 0.0.4)
  - FlipperKit/FlipperKitHighlightOverlay (0.125.0)
  - FlipperKit/FlipperKitLayoutHelpers (0.125.0):
    - FlipperKit/Core
    - FlipperKit/FlipperKitHighlightOverlay
    - FlipperKit/FlipperKitLayoutTextSearchable
  - FlipperKit/FlipperKitLayoutIOSDescriptors (0.125.0):
    - FlipperKit/Core
    - FlipperKit/FlipperKitHighlightOverlay
    - FlipperKit/FlipperKitLayoutHelpers
    - YogaKit (~> 1.18)
  - FlipperKit/FlipperKitLayoutPlugin (0.125.0):
    - FlipperKit/Core
    - FlipperKit/FlipperKitHighlightOverlay
    - FlipperKit/FlipperKitLayoutHelpers
    - FlipperKit/FlipperKitLayoutIOSDescriptors
    - FlipperKit/FlipperKitLayoutTextSearchable
    - YogaKit (~> 1.18)
  - FlipperKit/FlipperKitLayoutTextSearchable (0.125.0)
  - FlipperKit/FlipperKitNetworkPlugin (0.125.0):
    - FlipperKit/Core
  - FlipperKit/FlipperKitReactPlugin (0.125.0):
    - FlipperKit/Core
  - FlipperKit/FlipperKitUserDefaultsPlugin (0.125.0):
    - FlipperKit/Core
  - FlipperKit/SKIOSNetworkPlugin (0.125.0):
    - FlipperKit/Core
    - FlipperKit/FlipperKitNetworkPlugin
  - fmt (6.2.1)
  - glog (0.3.5)
  - GoogleAppMeasurement (8.8.0):
    - GoogleAppMeasurement/AdIdSupport (= 8.8.0)
    - GoogleUtilities/AppDelegateSwizzler (~> 7.4)
    - GoogleUtilities/MethodSwizzler (~> 7.4)
    - GoogleUtilities/Network (~> 7.4)
    - "GoogleUtilities/NSData+zlib (~> 7.4)"
    - nanopb (~> 2.30908.0)
  - GoogleAppMeasurement/AdIdSupport (8.8.0):
    - GoogleAppMeasurement/WithoutAdIdSupport (= 8.8.0)
    - GoogleUtilities/AppDelegateSwizzler (~> 7.4)
    - GoogleUtilities/MethodSwizzler (~> 7.4)
    - GoogleUtilities/Network (~> 7.4)
    - "GoogleUtilities/NSData+zlib (~> 7.4)"
    - nanopb (~> 2.30908.0)
  - GoogleAppMeasurement/WithoutAdIdSupport (8.8.0):
    - GoogleUtilities/AppDelegateSwizzler (~> 7.4)
    - GoogleUtilities/MethodSwizzler (~> 7.4)
    - GoogleUtilities/Network (~> 7.4)
    - "GoogleUtilities/NSData+zlib (~> 7.4)"
    - nanopb (~> 2.30908.0)
  - GoogleDataTransport (9.2.0):
    - GoogleUtilities/Environment (~> 7.7)
    - nanopb (< 2.30910.0, >= 2.30908.0)
    - PromisesObjC (< 3.0, >= 1.2)
  - GoogleUtilities/AppDelegateSwizzler (7.10.0):
    - GoogleUtilities/Environment
    - GoogleUtilities/Logger
    - GoogleUtilities/Network
  - GoogleUtilities/Environment (7.10.0):
    - PromisesObjC (< 3.0, >= 1.2)
  - GoogleUtilities/ISASwizzler (7.10.0)
  - GoogleUtilities/Logger (7.10.0):
    - GoogleUtilities/Environment
  - GoogleUtilities/MethodSwizzler (7.10.0):
    - GoogleUtilities/Logger
  - GoogleUtilities/Network (7.10.0):
    - GoogleUtilities/Logger
    - "GoogleUtilities/NSData+zlib"
    - GoogleUtilities/Reachability
  - "GoogleUtilities/NSData+zlib (7.10.0)"
  - GoogleUtilities/Reachability (7.10.0):
    - GoogleUtilities/Logger
  - GoogleUtilities/UserDefaults (7.10.0):
    - GoogleUtilities/Logger
  - hermes-engine (0.70.4)
  - libevent (2.1.12)
  - libwebp (1.2.4):
    - libwebp/demux (= 1.2.4)
    - libwebp/mux (= 1.2.4)
    - libwebp/webp (= 1.2.4)
  - libwebp/demux (1.2.4):
    - libwebp/webp
  - libwebp/mux (1.2.4):
    - libwebp/demux
  - libwebp/webp (1.2.4)
  - nanopb (2.30908.0):
    - nanopb/decode (= 2.30908.0)
    - nanopb/encode (= 2.30908.0)
  - nanopb/decode (2.30908.0)
  - nanopb/encode (2.30908.0)
  - Onfido (27.0.0)
  - onfido-react-native-sdk (7.0.1):
    - Onfido (= 27.0.0)
    - React
  - OpenSSL-Universal (1.1.1100)
  - Permission-Camera (3.6.1):
    - RNPermissions
  - Permission-LocationAccuracy (3.6.1):
    - RNPermissions
  - Permission-LocationAlways (3.6.1):
    - RNPermissions
  - Permission-LocationWhenInUse (3.6.1):
    - RNPermissions
  - Plaid (2.5.1)
  - PromisesObjC (2.1.1)
  - RCT-Folly (2021.07.22.00):
    - boost
    - DoubleConversion
    - fmt (~> 6.2.1)
    - glog
    - RCT-Folly/Default (= 2021.07.22.00)
  - RCT-Folly/Default (2021.07.22.00):
    - boost
    - DoubleConversion
    - fmt (~> 6.2.1)
    - glog
  - RCT-Folly/Futures (2021.07.22.00):
    - boost
    - DoubleConversion
    - fmt (~> 6.2.1)
    - glog
    - libevent
  - RCTRequired (0.70.4-alpha.2)
  - RCTTypeSafety (0.70.4-alpha.2):
    - FBLazyVector (= 0.70.4-alpha.2)
    - RCTRequired (= 0.70.4-alpha.2)
    - React-Core (= 0.70.4-alpha.2)
  - React (0.70.4-alpha.2):
    - React-Core (= 0.70.4-alpha.2)
    - React-Core/DevSupport (= 0.70.4-alpha.2)
    - React-Core/RCTWebSocket (= 0.70.4-alpha.2)
    - React-RCTActionSheet (= 0.70.4-alpha.2)
    - React-RCTAnimation (= 0.70.4-alpha.2)
    - React-RCTBlob (= 0.70.4-alpha.2)
    - React-RCTImage (= 0.70.4-alpha.2)
    - React-RCTLinking (= 0.70.4-alpha.2)
    - React-RCTNetwork (= 0.70.4-alpha.2)
    - React-RCTSettings (= 0.70.4-alpha.2)
    - React-RCTText (= 0.70.4-alpha.2)
    - React-RCTVibration (= 0.70.4-alpha.2)
  - React-bridging (0.70.4-alpha.2):
    - RCT-Folly (= 2021.07.22.00)
    - React-jsi (= 0.70.4-alpha.2)
  - React-callinvoker (0.70.4-alpha.2)
  - React-Codegen (0.70.4-alpha.2):
    - FBReactNativeSpec (= 0.70.4-alpha.2)
    - RCT-Folly (= 2021.07.22.00)
    - RCTRequired (= 0.70.4-alpha.2)
    - RCTTypeSafety (= 0.70.4-alpha.2)
    - React-Core (= 0.70.4-alpha.2)
    - React-jsi (= 0.70.4-alpha.2)
    - React-jsiexecutor (= 0.70.4-alpha.2)
    - ReactCommon/turbomodule/core (= 0.70.4-alpha.2)
  - React-Core (0.70.4-alpha.2):
    - glog
    - RCT-Folly (= 2021.07.22.00)
    - React-Core/Default (= 0.70.4-alpha.2)
    - React-cxxreact (= 0.70.4-alpha.2)
    - React-jsi (= 0.70.4-alpha.2)
    - React-jsiexecutor (= 0.70.4-alpha.2)
    - React-perflogger (= 0.70.4-alpha.2)
    - Yoga
  - React-Core/CoreModulesHeaders (0.70.4-alpha.2):
    - glog
    - RCT-Folly (= 2021.07.22.00)
    - React-Core/Default
    - React-cxxreact (= 0.70.4-alpha.2)
    - React-jsi (= 0.70.4-alpha.2)
    - React-jsiexecutor (= 0.70.4-alpha.2)
    - React-perflogger (= 0.70.4-alpha.2)
    - Yoga
  - React-Core/Default (0.70.4-alpha.2):
    - glog
    - RCT-Folly (= 2021.07.22.00)
    - React-cxxreact (= 0.70.4-alpha.2)
    - React-jsi (= 0.70.4-alpha.2)
    - React-jsiexecutor (= 0.70.4-alpha.2)
    - React-perflogger (= 0.70.4-alpha.2)
    - Yoga
  - React-Core/DevSupport (0.70.4-alpha.2):
    - glog
    - RCT-Folly (= 2021.07.22.00)
    - React-Core/Default (= 0.70.4-alpha.2)
    - React-Core/RCTWebSocket (= 0.70.4-alpha.2)
    - React-cxxreact (= 0.70.4-alpha.2)
    - React-jsi (= 0.70.4-alpha.2)
    - React-jsiexecutor (= 0.70.4-alpha.2)
    - React-jsinspector (= 0.70.4-alpha.2)
    - React-perflogger (= 0.70.4-alpha.2)
    - Yoga
  - React-Core/RCTActionSheetHeaders (0.70.4-alpha.2):
    - glog
    - RCT-Folly (= 2021.07.22.00)
    - React-Core/Default
    - React-cxxreact (= 0.70.4-alpha.2)
    - React-jsi (= 0.70.4-alpha.2)
    - React-jsiexecutor (= 0.70.4-alpha.2)
    - React-perflogger (= 0.70.4-alpha.2)
    - Yoga
  - React-Core/RCTAnimationHeaders (0.70.4-alpha.2):
    - glog
    - RCT-Folly (= 2021.07.22.00)
    - React-Core/Default
    - React-cxxreact (= 0.70.4-alpha.2)
    - React-jsi (= 0.70.4-alpha.2)
    - React-jsiexecutor (= 0.70.4-alpha.2)
    - React-perflogger (= 0.70.4-alpha.2)
    - Yoga
  - React-Core/RCTBlobHeaders (0.70.4-alpha.2):
    - glog
    - RCT-Folly (= 2021.07.22.00)
    - React-Core/Default
    - React-cxxreact (= 0.70.4-alpha.2)
    - React-jsi (= 0.70.4-alpha.2)
    - React-jsiexecutor (= 0.70.4-alpha.2)
    - React-perflogger (= 0.70.4-alpha.2)
    - Yoga
  - React-Core/RCTImageHeaders (0.70.4-alpha.2):
    - glog
    - RCT-Folly (= 2021.07.22.00)
    - React-Core/Default
    - React-cxxreact (= 0.70.4-alpha.2)
    - React-jsi (= 0.70.4-alpha.2)
    - React-jsiexecutor (= 0.70.4-alpha.2)
    - React-perflogger (= 0.70.4-alpha.2)
    - Yoga
  - React-Core/RCTLinkingHeaders (0.70.4-alpha.2):
    - glog
    - RCT-Folly (= 2021.07.22.00)
    - React-Core/Default
    - React-cxxreact (= 0.70.4-alpha.2)
    - React-jsi (= 0.70.4-alpha.2)
    - React-jsiexecutor (= 0.70.4-alpha.2)
    - React-perflogger (= 0.70.4-alpha.2)
    - Yoga
  - React-Core/RCTNetworkHeaders (0.70.4-alpha.2):
    - glog
    - RCT-Folly (= 2021.07.22.00)
    - React-Core/Default
    - React-cxxreact (= 0.70.4-alpha.2)
    - React-jsi (= 0.70.4-alpha.2)
    - React-jsiexecutor (= 0.70.4-alpha.2)
    - React-perflogger (= 0.70.4-alpha.2)
    - Yoga
  - React-Core/RCTSettingsHeaders (0.70.4-alpha.2):
    - glog
    - RCT-Folly (= 2021.07.22.00)
    - React-Core/Default
    - React-cxxreact (= 0.70.4-alpha.2)
    - React-jsi (= 0.70.4-alpha.2)
    - React-jsiexecutor (= 0.70.4-alpha.2)
    - React-perflogger (= 0.70.4-alpha.2)
    - Yoga
  - React-Core/RCTTextHeaders (0.70.4-alpha.2):
    - glog
    - RCT-Folly (= 2021.07.22.00)
    - React-Core/Default
    - React-cxxreact (= 0.70.4-alpha.2)
    - React-jsi (= 0.70.4-alpha.2)
    - React-jsiexecutor (= 0.70.4-alpha.2)
    - React-perflogger (= 0.70.4-alpha.2)
    - Yoga
  - React-Core/RCTVibrationHeaders (0.70.4-alpha.2):
    - glog
    - RCT-Folly (= 2021.07.22.00)
    - React-Core/Default
    - React-cxxreact (= 0.70.4-alpha.2)
    - React-jsi (= 0.70.4-alpha.2)
    - React-jsiexecutor (= 0.70.4-alpha.2)
    - React-perflogger (= 0.70.4-alpha.2)
    - Yoga
  - React-Core/RCTWebSocket (0.70.4-alpha.2):
    - glog
    - RCT-Folly (= 2021.07.22.00)
    - React-Core/Default (= 0.70.4-alpha.2)
    - React-cxxreact (= 0.70.4-alpha.2)
    - React-jsi (= 0.70.4-alpha.2)
    - React-jsiexecutor (= 0.70.4-alpha.2)
    - React-perflogger (= 0.70.4-alpha.2)
    - Yoga
  - React-CoreModules (0.70.4-alpha.2):
    - RCT-Folly (= 2021.07.22.00)
    - RCTTypeSafety (= 0.70.4-alpha.2)
    - React-Codegen (= 0.70.4-alpha.2)
    - React-Core/CoreModulesHeaders (= 0.70.4-alpha.2)
    - React-jsi (= 0.70.4-alpha.2)
    - React-RCTImage (= 0.70.4-alpha.2)
    - ReactCommon/turbomodule/core (= 0.70.4-alpha.2)
  - React-cxxreact (0.70.4-alpha.2):
    - boost (= 1.76.0)
    - DoubleConversion
    - glog
    - RCT-Folly (= 2021.07.22.00)
    - React-callinvoker (= 0.70.4-alpha.2)
    - React-jsi (= 0.70.4-alpha.2)
    - React-jsinspector (= 0.70.4-alpha.2)
    - React-logger (= 0.70.4-alpha.2)
    - React-perflogger (= 0.70.4-alpha.2)
    - React-runtimeexecutor (= 0.70.4-alpha.2)
  - React-hermes (0.70.4-alpha.2):
    - DoubleConversion
    - glog
    - hermes-engine
    - RCT-Folly (= 2021.07.22.00)
    - RCT-Folly/Futures (= 2021.07.22.00)
    - React-cxxreact (= 0.70.4-alpha.2)
    - React-jsi (= 0.70.4-alpha.2)
    - React-jsiexecutor (= 0.70.4-alpha.2)
    - React-jsinspector (= 0.70.4-alpha.2)
    - React-perflogger (= 0.70.4-alpha.2)
  - React-jsi (0.70.4-alpha.2):
    - boost (= 1.76.0)
    - DoubleConversion
    - glog
    - RCT-Folly (= 2021.07.22.00)
    - React-jsi/Default (= 0.70.4-alpha.2)
  - React-jsi/Default (0.70.4-alpha.2):
    - boost (= 1.76.0)
    - DoubleConversion
    - glog
    - RCT-Folly (= 2021.07.22.00)
  - React-jsiexecutor (0.70.4-alpha.2):
    - DoubleConversion
    - glog
    - RCT-Folly (= 2021.07.22.00)
    - React-cxxreact (= 0.70.4-alpha.2)
    - React-jsi (= 0.70.4-alpha.2)
    - React-perflogger (= 0.70.4-alpha.2)
  - React-jsinspector (0.70.4-alpha.2)
  - React-logger (0.70.4-alpha.2):
    - glog
  - react-native-blob-util (0.16.2):
    - React-Core
  - react-native-cameraroll (4.1.2):
    - React-Core
  - react-native-config (1.4.6):
    - react-native-config/App (= 1.4.6)
  - react-native-config/App (1.4.6):
    - React-Core
  - react-native-document-picker (8.1.1):
    - React-Core
  - react-native-flipper (0.159.0):
    - React-Core
  - react-native-image-manipulator (1.0.5):
    - React
  - react-native-image-picker (4.10.1):
    - React-Core
  - react-native-netinfo (8.3.1):
    - React-Core
  - react-native-pdf (6.6.2):
    - React-Core
  - react-native-plaid-link-sdk (7.4.0):
    - Plaid (~> 2.5.1)
    - React-Core
  - react-native-progress-bar-android (1.0.4):
    - React
  - react-native-progress-view (1.3.2):
    - React-Core
  - react-native-render-html (6.3.1):
    - React-Core
  - react-native-safe-area-context (4.4.1):
    - RCT-Folly
    - RCTRequired
    - RCTTypeSafety
    - React-Core
    - ReactCommon/turbomodule/core
  - react-native-webview (11.23.0):
    - React-Core
  - React-perflogger (0.70.4-alpha.2)
  - React-RCTActionSheet (0.70.4-alpha.2):
    - React-Core/RCTActionSheetHeaders (= 0.70.4-alpha.2)
  - React-RCTAnimation (0.70.4-alpha.2):
    - RCT-Folly (= 2021.07.22.00)
    - RCTTypeSafety (= 0.70.4-alpha.2)
    - React-Codegen (= 0.70.4-alpha.2)
    - React-Core/RCTAnimationHeaders (= 0.70.4-alpha.2)
    - React-jsi (= 0.70.4-alpha.2)
    - ReactCommon/turbomodule/core (= 0.70.4-alpha.2)
  - React-RCTBlob (0.70.4-alpha.2):
    - RCT-Folly (= 2021.07.22.00)
    - React-Codegen (= 0.70.4-alpha.2)
    - React-Core/RCTBlobHeaders (= 0.70.4-alpha.2)
    - React-Core/RCTWebSocket (= 0.70.4-alpha.2)
    - React-jsi (= 0.70.4-alpha.2)
    - React-RCTNetwork (= 0.70.4-alpha.2)
    - ReactCommon/turbomodule/core (= 0.70.4-alpha.2)
  - React-RCTImage (0.70.4-alpha.2):
    - RCT-Folly (= 2021.07.22.00)
    - RCTTypeSafety (= 0.70.4-alpha.2)
    - React-Codegen (= 0.70.4-alpha.2)
    - React-Core/RCTImageHeaders (= 0.70.4-alpha.2)
    - React-jsi (= 0.70.4-alpha.2)
    - React-RCTNetwork (= 0.70.4-alpha.2)
    - ReactCommon/turbomodule/core (= 0.70.4-alpha.2)
  - React-RCTLinking (0.70.4-alpha.2):
    - React-Codegen (= 0.70.4-alpha.2)
    - React-Core/RCTLinkingHeaders (= 0.70.4-alpha.2)
    - React-jsi (= 0.70.4-alpha.2)
    - ReactCommon/turbomodule/core (= 0.70.4-alpha.2)
  - React-RCTNetwork (0.70.4-alpha.2):
    - RCT-Folly (= 2021.07.22.00)
    - RCTTypeSafety (= 0.70.4-alpha.2)
    - React-Codegen (= 0.70.4-alpha.2)
    - React-Core/RCTNetworkHeaders (= 0.70.4-alpha.2)
    - React-jsi (= 0.70.4-alpha.2)
    - ReactCommon/turbomodule/core (= 0.70.4-alpha.2)
  - React-RCTSettings (0.70.4-alpha.2):
    - RCT-Folly (= 2021.07.22.00)
    - RCTTypeSafety (= 0.70.4-alpha.2)
    - React-Codegen (= 0.70.4-alpha.2)
    - React-Core/RCTSettingsHeaders (= 0.70.4-alpha.2)
    - React-jsi (= 0.70.4-alpha.2)
    - ReactCommon/turbomodule/core (= 0.70.4-alpha.2)
  - React-RCTText (0.70.4-alpha.2):
    - React-Core/RCTTextHeaders (= 0.70.4-alpha.2)
  - React-RCTVibration (0.70.4-alpha.2):
    - RCT-Folly (= 2021.07.22.00)
    - React-Codegen (= 0.70.4-alpha.2)
    - React-Core/RCTVibrationHeaders (= 0.70.4-alpha.2)
    - React-jsi (= 0.70.4-alpha.2)
    - ReactCommon/turbomodule/core (= 0.70.4-alpha.2)
  - React-runtimeexecutor (0.70.4-alpha.2):
    - React-jsi (= 0.70.4-alpha.2)
  - ReactCommon/turbomodule/core (0.70.4-alpha.2):
    - DoubleConversion
    - glog
    - RCT-Folly (= 2021.07.22.00)
    - React-bridging (= 0.70.4-alpha.2)
    - React-callinvoker (= 0.70.4-alpha.2)
    - React-Core (= 0.70.4-alpha.2)
    - React-cxxreact (= 0.70.4-alpha.2)
    - React-jsi (= 0.70.4-alpha.2)
    - React-logger (= 0.70.4-alpha.2)
    - React-perflogger (= 0.70.4-alpha.2)
  - RNCAsyncStorage (1.17.10):
    - React-Core
  - RNCClipboard (1.5.1):
    - React-Core
  - RNCPicker (2.4.4):
    - React-Core
  - RNDateTimePicker (3.5.2):
    - React-Core
  - RNFastImage (8.5.11):
    - React-Core
    - SDWebImage (~> 5.11.1)
    - SDWebImageWebPCoder (~> 0.8.4)
  - RNFBAnalytics (12.9.3):
    - Firebase/Analytics (= 8.8.0)
    - React-Core
    - RNFBApp
  - RNFBApp (12.9.3):
    - Firebase/CoreOnly (= 8.8.0)
    - React-Core
  - RNFBCrashlytics (12.9.3):
    - Firebase/Crashlytics (= 8.8.0)
    - React-Core
    - RNFBApp
  - RNFBPerf (12.9.3):
    - Firebase/Performance (= 8.8.0)
    - React-Core
    - RNFBApp
  - RNGestureHandler (2.6.0):
    - React-Core
  - RNPermissions (3.6.1):
    - React-Core
  - RNReactNativeHapticFeedback (1.14.0):
    - React-Core
  - RNReanimated (3.0.0-rc.6):
    - DoubleConversion
    - FBLazyVector
    - FBReactNativeSpec
    - glog
    - RCT-Folly
    - RCTRequired
    - RCTTypeSafety
    - React-callinvoker
    - React-Core
    - React-Core/DevSupport
    - React-Core/RCTWebSocket
    - React-CoreModules
    - React-cxxreact
    - React-jsi
    - React-jsiexecutor
    - React-jsinspector
    - React-RCTActionSheet
    - React-RCTAnimation
    - React-RCTBlob
    - React-RCTImage
    - React-RCTLinking
    - React-RCTNetwork
    - React-RCTSettings
    - React-RCTText
    - ReactCommon/turbomodule/core
    - Yoga
  - RNScreens (3.17.0):
    - React-Core
    - React-RCTImage
  - RNSVG (13.5.0):
    - React-Core
  - SDWebImage (5.11.1):
    - SDWebImage/Core (= 5.11.1)
  - SDWebImage/Core (5.11.1)
  - SDWebImageWebPCoder (0.8.5):
    - libwebp (~> 1.0)
    - SDWebImage/Core (~> 5.10)
  - SocketRocket (0.6.0)
  - urbanairship-react-native (14.4.1):
    - Airship (= 16.8.0)
    - React-Core
  - Yoga (1.14.0)
  - YogaKit (1.18.1):
    - Yoga (~> 1.14)

DEPENDENCIES:
  - boost (from `../node_modules/react-native/third-party-podspecs/boost.podspec`)
  - DoubleConversion (from `../node_modules/react-native/third-party-podspecs/DoubleConversion.podspec`)
  - FBLazyVector (from `../node_modules/react-native/Libraries/FBLazyVector`)
  - FBReactNativeSpec (from `../node_modules/react-native/React/FBReactNativeSpec`)
  - Flipper (= 0.125.0)
  - Flipper-Boost-iOSX (= 1.76.0.1.11)
  - Flipper-DoubleConversion (= 3.2.0.1)
  - Flipper-Fmt (= 7.1.7)
  - Flipper-Folly (= 2.6.10)
  - Flipper-Glog (= 0.5.0.5)
  - Flipper-PeerTalk (= 0.0.4)
  - Flipper-RSocket (= 1.4.3)
  - FlipperKit (= 0.125.0)
  - FlipperKit/Core (= 0.125.0)
  - FlipperKit/CppBridge (= 0.125.0)
  - FlipperKit/FBCxxFollyDynamicConvert (= 0.125.0)
  - FlipperKit/FBDefines (= 0.125.0)
  - FlipperKit/FKPortForwarding (= 0.125.0)
  - FlipperKit/FlipperKitHighlightOverlay (= 0.125.0)
  - FlipperKit/FlipperKitLayoutPlugin (= 0.125.0)
  - FlipperKit/FlipperKitLayoutTextSearchable (= 0.125.0)
  - FlipperKit/FlipperKitNetworkPlugin (= 0.125.0)
  - FlipperKit/FlipperKitReactPlugin (= 0.125.0)
  - FlipperKit/FlipperKitUserDefaultsPlugin (= 0.125.0)
  - FlipperKit/SKIOSNetworkPlugin (= 0.125.0)
  - glog (from `../node_modules/react-native/third-party-podspecs/glog.podspec`)
  - hermes-engine (from `../node_modules/react-native/sdks/hermes/hermes-engine.podspec`)
  - libevent (~> 2.1.12)
  - "onfido-react-native-sdk (from `../node_modules/@onfido/react-native-sdk`)"
  - OpenSSL-Universal (= 1.1.1100)
  - Permission-Camera (from `../node_modules/react-native-permissions/ios/Camera`)
  - Permission-LocationAccuracy (from `../node_modules/react-native-permissions/ios/LocationAccuracy`)
  - Permission-LocationAlways (from `../node_modules/react-native-permissions/ios/LocationAlways`)
  - Permission-LocationWhenInUse (from `../node_modules/react-native-permissions/ios/LocationWhenInUse`)
  - RCT-Folly (from `../node_modules/react-native/third-party-podspecs/RCT-Folly.podspec`)
  - RCTRequired (from `../node_modules/react-native/Libraries/RCTRequired`)
  - RCTTypeSafety (from `../node_modules/react-native/Libraries/TypeSafety`)
  - React (from `../node_modules/react-native/`)
  - React-bridging (from `../node_modules/react-native/ReactCommon`)
  - React-callinvoker (from `../node_modules/react-native/ReactCommon/callinvoker`)
  - React-Codegen (from `build/generated/ios`)
  - React-Core (from `../node_modules/react-native/`)
  - React-Core/RCTWebSocket (from `../node_modules/react-native/`)
  - React-CoreModules (from `../node_modules/react-native/React/CoreModules`)
  - React-cxxreact (from `../node_modules/react-native/ReactCommon/cxxreact`)
  - React-hermes (from `../node_modules/react-native/ReactCommon/hermes`)
  - React-jsi (from `../node_modules/react-native/ReactCommon/jsi`)
  - React-jsiexecutor (from `../node_modules/react-native/ReactCommon/jsiexecutor`)
  - React-jsinspector (from `../node_modules/react-native/ReactCommon/jsinspector`)
  - React-logger (from `../node_modules/react-native/ReactCommon/logger`)
  - react-native-blob-util (from `../node_modules/react-native-blob-util`)
  - "react-native-cameraroll (from `../node_modules/@react-native-community/cameraroll`)"
  - react-native-config (from `../node_modules/react-native-config`)
  - react-native-document-picker (from `../node_modules/react-native-document-picker`)
  - react-native-flipper (from `../node_modules/react-native-flipper`)
  - "react-native-image-manipulator (from `../node_modules/@oguzhnatly/react-native-image-manipulator`)"
  - react-native-image-picker (from `../node_modules/react-native-image-picker`)
  - "react-native-netinfo (from `../node_modules/@react-native-community/netinfo`)"
  - react-native-pdf (from `../node_modules/react-native-pdf`)
  - react-native-plaid-link-sdk (from `../node_modules/react-native-plaid-link-sdk`)
  - "react-native-progress-bar-android (from `../node_modules/@react-native-community/progress-bar-android`)"
  - "react-native-progress-view (from `../node_modules/@react-native-community/progress-view`)"
  - react-native-render-html (from `../node_modules/react-native-render-html`)
  - react-native-safe-area-context (from `../node_modules/react-native-safe-area-context`)
  - react-native-webview (from `../node_modules/react-native-webview`)
  - React-perflogger (from `../node_modules/react-native/ReactCommon/reactperflogger`)
  - React-RCTActionSheet (from `../node_modules/react-native/Libraries/ActionSheetIOS`)
  - React-RCTAnimation (from `../node_modules/react-native/Libraries/NativeAnimation`)
  - React-RCTBlob (from `../node_modules/react-native/Libraries/Blob`)
  - React-RCTImage (from `../node_modules/react-native/Libraries/Image`)
  - React-RCTLinking (from `../node_modules/react-native/Libraries/LinkingIOS`)
  - React-RCTNetwork (from `../node_modules/react-native/Libraries/Network`)
  - React-RCTSettings (from `../node_modules/react-native/Libraries/Settings`)
  - React-RCTText (from `../node_modules/react-native/Libraries/Text`)
  - React-RCTVibration (from `../node_modules/react-native/Libraries/Vibration`)
  - React-runtimeexecutor (from `../node_modules/react-native/ReactCommon/runtimeexecutor`)
  - ReactCommon/turbomodule/core (from `../node_modules/react-native/ReactCommon`)
  - "RNCAsyncStorage (from `../node_modules/@react-native-async-storage/async-storage`)"
  - "RNCClipboard (from `../node_modules/@react-native-community/clipboard`)"
  - "RNCPicker (from `../node_modules/@react-native-picker/picker`)"
  - "RNDateTimePicker (from `../node_modules/@react-native-community/datetimepicker`)"
  - "RNFastImage (from `../node_modules/@pieter-pot/react-native-fast-image`)"
  - "RNFBAnalytics (from `../node_modules/@react-native-firebase/analytics`)"
  - "RNFBApp (from `../node_modules/@react-native-firebase/app`)"
  - "RNFBCrashlytics (from `../node_modules/@react-native-firebase/crashlytics`)"
  - "RNFBPerf (from `../node_modules/@react-native-firebase/perf`)"
  - RNGestureHandler (from `../node_modules/react-native-gesture-handler`)
  - RNPermissions (from `../node_modules/react-native-permissions`)
  - RNReactNativeHapticFeedback (from `../node_modules/react-native-haptic-feedback`)
  - RNReanimated (from `../node_modules/react-native-reanimated`)
  - RNScreens (from `../node_modules/react-native-screens`)
  - RNSVG (from `../node_modules/react-native-svg`)
  - urbanairship-react-native (from `../node_modules/urbanairship-react-native`)
  - Yoga (from `../node_modules/react-native/ReactCommon/yoga`)

SPEC REPOS:
  trunk:
    - Airship
    - CocoaAsyncSocket
    - Firebase
    - FirebaseABTesting
    - FirebaseAnalytics
    - FirebaseCore
    - FirebaseCoreDiagnostics
    - FirebaseCrashlytics
    - FirebaseInstallations
    - FirebasePerformance
    - FirebaseRemoteConfig
    - Flipper
    - Flipper-Boost-iOSX
    - Flipper-DoubleConversion
    - Flipper-Fmt
    - Flipper-Folly
    - Flipper-Glog
    - Flipper-PeerTalk
    - Flipper-RSocket
    - FlipperKit
    - fmt
    - GoogleAppMeasurement
    - GoogleDataTransport
    - GoogleUtilities
    - libevent
    - libwebp
    - nanopb
    - Onfido
    - OpenSSL-Universal
    - Plaid
    - PromisesObjC
    - SDWebImage
    - SDWebImageWebPCoder
    - SocketRocket
    - YogaKit

EXTERNAL SOURCES:
  boost:
    :podspec: "../node_modules/react-native/third-party-podspecs/boost.podspec"
  DoubleConversion:
    :podspec: "../node_modules/react-native/third-party-podspecs/DoubleConversion.podspec"
  FBLazyVector:
    :path: "../node_modules/react-native/Libraries/FBLazyVector"
  FBReactNativeSpec:
    :path: "../node_modules/react-native/React/FBReactNativeSpec"
  glog:
    :podspec: "../node_modules/react-native/third-party-podspecs/glog.podspec"
  hermes-engine:
    :podspec: "../node_modules/react-native/sdks/hermes/hermes-engine.podspec"
  onfido-react-native-sdk:
    :path: "../node_modules/@onfido/react-native-sdk"
  Permission-Camera:
    :path: "../node_modules/react-native-permissions/ios/Camera"
  Permission-LocationAccuracy:
    :path: "../node_modules/react-native-permissions/ios/LocationAccuracy"
  Permission-LocationAlways:
    :path: "../node_modules/react-native-permissions/ios/LocationAlways"
  Permission-LocationWhenInUse:
    :path: "../node_modules/react-native-permissions/ios/LocationWhenInUse"
  RCT-Folly:
    :podspec: "../node_modules/react-native/third-party-podspecs/RCT-Folly.podspec"
  RCTRequired:
    :path: "../node_modules/react-native/Libraries/RCTRequired"
  RCTTypeSafety:
    :path: "../node_modules/react-native/Libraries/TypeSafety"
  React:
    :path: "../node_modules/react-native/"
  React-bridging:
    :path: "../node_modules/react-native/ReactCommon"
  React-callinvoker:
    :path: "../node_modules/react-native/ReactCommon/callinvoker"
  React-Codegen:
    :path: build/generated/ios
  React-Core:
    :path: "../node_modules/react-native/"
  React-CoreModules:
    :path: "../node_modules/react-native/React/CoreModules"
  React-cxxreact:
    :path: "../node_modules/react-native/ReactCommon/cxxreact"
  React-hermes:
    :path: "../node_modules/react-native/ReactCommon/hermes"
  React-jsi:
    :path: "../node_modules/react-native/ReactCommon/jsi"
  React-jsiexecutor:
    :path: "../node_modules/react-native/ReactCommon/jsiexecutor"
  React-jsinspector:
    :path: "../node_modules/react-native/ReactCommon/jsinspector"
  React-logger:
    :path: "../node_modules/react-native/ReactCommon/logger"
  react-native-blob-util:
    :path: "../node_modules/react-native-blob-util"
  react-native-cameraroll:
    :path: "../node_modules/@react-native-community/cameraroll"
  react-native-config:
    :path: "../node_modules/react-native-config"
  react-native-document-picker:
    :path: "../node_modules/react-native-document-picker"
  react-native-flipper:
    :path: "../node_modules/react-native-flipper"
  react-native-image-manipulator:
    :path: "../node_modules/@oguzhnatly/react-native-image-manipulator"
  react-native-image-picker:
    :path: "../node_modules/react-native-image-picker"
  react-native-netinfo:
    :path: "../node_modules/@react-native-community/netinfo"
  react-native-pdf:
    :path: "../node_modules/react-native-pdf"
  react-native-plaid-link-sdk:
    :path: "../node_modules/react-native-plaid-link-sdk"
  react-native-progress-bar-android:
    :path: "../node_modules/@react-native-community/progress-bar-android"
  react-native-progress-view:
    :path: "../node_modules/@react-native-community/progress-view"
  react-native-render-html:
    :path: "../node_modules/react-native-render-html"
  react-native-safe-area-context:
    :path: "../node_modules/react-native-safe-area-context"
  react-native-webview:
    :path: "../node_modules/react-native-webview"
  React-perflogger:
    :path: "../node_modules/react-native/ReactCommon/reactperflogger"
  React-RCTActionSheet:
    :path: "../node_modules/react-native/Libraries/ActionSheetIOS"
  React-RCTAnimation:
    :path: "../node_modules/react-native/Libraries/NativeAnimation"
  React-RCTBlob:
    :path: "../node_modules/react-native/Libraries/Blob"
  React-RCTImage:
    :path: "../node_modules/react-native/Libraries/Image"
  React-RCTLinking:
    :path: "../node_modules/react-native/Libraries/LinkingIOS"
  React-RCTNetwork:
    :path: "../node_modules/react-native/Libraries/Network"
  React-RCTSettings:
    :path: "../node_modules/react-native/Libraries/Settings"
  React-RCTText:
    :path: "../node_modules/react-native/Libraries/Text"
  React-RCTVibration:
    :path: "../node_modules/react-native/Libraries/Vibration"
  React-runtimeexecutor:
    :path: "../node_modules/react-native/ReactCommon/runtimeexecutor"
  ReactCommon:
    :path: "../node_modules/react-native/ReactCommon"
  RNCAsyncStorage:
    :path: "../node_modules/@react-native-async-storage/async-storage"
  RNCClipboard:
    :path: "../node_modules/@react-native-community/clipboard"
  RNCPicker:
    :path: "../node_modules/@react-native-picker/picker"
  RNDateTimePicker:
    :path: "../node_modules/@react-native-community/datetimepicker"
  RNFastImage:
    :path: "../node_modules/@pieter-pot/react-native-fast-image"
  RNFBAnalytics:
    :path: "../node_modules/@react-native-firebase/analytics"
  RNFBApp:
    :path: "../node_modules/@react-native-firebase/app"
  RNFBCrashlytics:
    :path: "../node_modules/@react-native-firebase/crashlytics"
  RNFBPerf:
    :path: "../node_modules/@react-native-firebase/perf"
  RNGestureHandler:
    :path: "../node_modules/react-native-gesture-handler"
  RNPermissions:
    :path: "../node_modules/react-native-permissions"
  RNReactNativeHapticFeedback:
    :path: "../node_modules/react-native-haptic-feedback"
  RNReanimated:
    :path: "../node_modules/react-native-reanimated"
  RNScreens:
    :path: "../node_modules/react-native-screens"
  RNSVG:
    :path: "../node_modules/react-native-svg"
  urbanairship-react-native:
    :path: "../node_modules/urbanairship-react-native"
  Yoga:
    :path: "../node_modules/react-native/ReactCommon/yoga"

SPEC CHECKSUMS:
  Airship: 4657c3d5118441240e04674d9445cbd6e363c956
  boost: a7c83b31436843459a1961bfd74b96033dc77234
  CocoaAsyncSocket: 065fd1e645c7abab64f7a6a2007a48038fdc6a99
  DoubleConversion: 5189b271737e1565bdce30deb4a08d647e3f5f54
  FBLazyVector: 4c04f10d8958a7be74dc063bc0584ff223b89d4a
  FBReactNativeSpec: b6ac4163edc4db460a21e2de83c8a9f3acd5c6cc
  Firebase: 629510f1a9ddb235f3a7c5c8ceb23ba887f0f814
  FirebaseABTesting: 10cbce8db9985ae2e3847ea44e9947dd18f94e10
  FirebaseAnalytics: 5506ea8b867d8423485a84b4cd612d279f7b0b8a
  FirebaseCore: 98b29e3828f0a53651c363937a7f7d92a19f1ba2
  FirebaseCoreDiagnostics: 92e07a649aeb66352b319d43bdd2ee3942af84cb
  FirebaseCrashlytics: 3660c045c8e45cc4276110562a0ef44cf43c8157
  FirebaseInstallations: 40bd9054049b2eae9a2c38ef1c3dd213df3605cd
  FirebasePerformance: 0c01a7a496657d7cea86d40c0b1725259d164c6c
  FirebaseRemoteConfig: 2d6e2cfdb49af79535c8af8a80a4a5009038ec2b
  Flipper: 26fc4b7382499f1281eb8cb921e5c3ad6de91fe0
  Flipper-Boost-iOSX: fd1e2b8cbef7e662a122412d7ac5f5bea715403c
  Flipper-DoubleConversion: 2dc99b02f658daf147069aad9dbd29d8feb06d30
  Flipper-Fmt: 60cbdd92fc254826e61d669a5d87ef7015396a9b
  Flipper-Folly: 584845625005ff068a6ebf41f857f468decd26b3
  Flipper-Glog: 70c50ce58ddaf67dc35180db05f191692570f446
  Flipper-PeerTalk: 116d8f857dc6ef55c7a5a75ea3ceaafe878aadc9
  Flipper-RSocket: d9d9ade67cbecf6ac10730304bf5607266dd2541
  FlipperKit: cbdee19bdd4e7f05472a66ce290f1b729ba3cb86
  fmt: ff9d55029c625d3757ed641535fd4a75fedc7ce9
  glog: 04b94705f318337d7ead9e6d17c019bd9b1f6b1b
  GoogleAppMeasurement: 5ba1164e3c844ba84272555e916d0a6d3d977e91
  GoogleDataTransport: 1c8145da7117bd68bbbed00cf304edb6a24de00f
  GoogleUtilities: bad72cb363809015b1f7f19beb1f1cd23c589f95
  hermes-engine: 3623325e0d0676a45fbc544d72c57dd79fce7446
  libevent: 4049cae6c81cdb3654a443be001fb9bdceff7913
  libwebp: f62cb61d0a484ba548448a4bd52aabf150ff6eef
  nanopb: a0ba3315591a9ae0a16a309ee504766e90db0c96
  Onfido: bdbc3ed45598aa106ab2ea021d94e2e28c6b5be3
  onfido-react-native-sdk: 5856e76fbfc0eb7b70b0f76fa1059830932a5c88
  OpenSSL-Universal: ebc357f1e6bc71fa463ccb2fe676756aff50e88c
  Permission-Camera: bf6791b17c7f614b6826019fcfdcc286d3a107f6
  Permission-LocationAccuracy: 76df17de5c6b8bc2eee34e61ee92cdd7a864c73d
  Permission-LocationAlways: 8d99b025c9f73c696e0cdb367e42525f2e9a26f2
  Permission-LocationWhenInUse: 3ba99e45c852763f730eabecec2870c2382b7bd4
  Plaid: 6beadc0828cfd5396c5905931b9503493bbc139a
  PromisesObjC: ab77feca74fa2823e7af4249b8326368e61014cb
  RCT-Folly: 0080d0a6ebf2577475bda044aa59e2ca1f909cda
  RCTRequired: 329ead02b8edd20fb186d17745a9cadd5ce2922d
  RCTTypeSafety: 698418021f8b47d82c058f3115c0026d1874a3ef
  React: efefef133cf808a2d6edd1feedf2163d4d7a2922
  React-bridging: c12b25793db0e04c377055b4ddc9db6641be0536
  React-callinvoker: fbb9bbfe86f48efb712149d6c83ec74533e45095
  React-Codegen: 3398733e53c4106cc6fc7602c159669b5fbc1b14
  React-Core: 750c6a39b95c0b427b7624ff48cf1482f05ecf3f
  React-CoreModules: 64bec7f728f87706c6512c2e8ca8cdb4f6f41ee3
  React-cxxreact: b515bc7e8b44b4c76ec7f030b00cb11c95692fa0
  React-hermes: 2c7c36834cdbd32b959333fbc17794209f18ecb0
  React-jsi: 9ae06bc7d17e61cee886e985e69f8fa3ef39334a
  React-jsiexecutor: 523e742f144a346f7df32dea4fe1944d39b02473
  React-jsinspector: 7b02a02b9b9bf830102394039c80b3bf2e0200b0
  React-logger: b2c47bb0829c3c45ba3a04add9a2b4aea3f3dd4e
  react-native-blob-util: c3b0faecd2919db568e9d552084396f3e50b57c7
  react-native-cameraroll: 2957f2bce63ae896a848fbe0d5352c1bd4d20866
  react-native-config: 7cd105e71d903104e8919261480858940a6b9c0e
  react-native-document-picker: f68191637788994baed5f57d12994aa32cf8bf88
  react-native-flipper: dc5290261fbeeb2faec1bdc57ae6dd8d562e1de4
  react-native-image-manipulator: c48f64221cfcd46e9eec53619c4c0374f3328a56
  react-native-image-picker: bf34f3f516d139ed3e24c5f5a381a91819e349ea
  react-native-netinfo: 1a6035d3b9780221d407c277ebfb5722ace00658
  react-native-pdf: 33c622cbdf776a649929e8b9d1ce2d313347c4fa
  react-native-plaid-link-sdk: 77052f329310ff5a36ddda276793f40d27c02bc4
  react-native-progress-bar-android: be43138ab7da30d51fc038bafa98e9ed594d0c40
  react-native-progress-view: 4d3bbe6a099ba027b1fedb1548c2c87f74249b70
  react-native-render-html: 96c979fe7452a0a41559685d2f83b12b93edac8c
  react-native-safe-area-context: 99b24a0c5acd0d5dcac2b1a7f18c49ea317be99a
  react-native-webview: e771bc375f789ebfa02a26939a57dbc6fa897336
  React-perflogger: b231fb9993c1b5f74e32f0a3473225f9ebaf73d3
  React-RCTActionSheet: 9064b3b78118a253f2d6a63153f6dfff0b38f19f
  React-RCTAnimation: d93c521d4ad6457fc8c1d9830ffb0495286ea036
  React-RCTBlob: 3121c9d4416d1d4c8d05a600f7a27da85458a277
  React-RCTImage: fac3e6e809d2e79669cc9deec9e4802dde9d73cd
  React-RCTLinking: 23718d841e65fe258dd64e9cc0681d6767f89196
  React-RCTNetwork: 1bf07637ebb27f8241557e85871f7af990238130
  React-RCTSettings: 02f399b023b23a853eeda24879f4703755ffc996
  React-RCTText: c916d8da274c9823aaed9f53c007ecfa6e802764
  React-RCTVibration: eb5fb0bb3d78e31dcaeae5f127c75a7caf4b6af9
  React-runtimeexecutor: a8cee6fe3fb7994f07b735c7024a08a4fa5f8446
  ReactCommon: 1ebf2df5c764ebb52048e7a1cf42c75a6246171a
  RNCAsyncStorage: 0c357f3156fcb16c8589ede67cc036330b6698ca
  RNCClipboard: 41d8d918092ae8e676f18adada19104fa3e68495
  RNCPicker: 0b65be85fe7954fbb2062ef079e3d1cde252d888
  RNDateTimePicker: 7658208086d86d09e1627b5c34ba0cf237c60140
  RNFastImage: 1f2cab428712a4baaf78d6169eaec7f622556dd7
  RNFBAnalytics: f76bfa164ac235b00505deb9fc1776634056898c
  RNFBApp: 729c0666395b1953198dc4a1ec6deb8fbe1c302e
  RNFBCrashlytics: 2061ca863e8e2fa1aae9b12477d7dfa8e88ca0f9
  RNFBPerf: 389914cda4000fe0d996a752532a591132cbf3f9
  RNGestureHandler: 920eb17f5b1e15dae6e5ed1904045f8f90e0b11e
  RNPermissions: dcdb7b99796bbeda6975a6e79ad519c41b251b1c
  RNReactNativeHapticFeedback: 1e3efeca9628ff9876ee7cdd9edec1b336913f8c
  RNReanimated: 069f3aff5df4cbefaf81589c0622370073a89f1d
  RNScreens: 0df01424e9e0ed7827200d6ed1087ddd06c493f9
  RNSVG: 38ca962c970dbce1ca38991a5aebf26d163f9efb
  SDWebImage: a7f831e1a65eb5e285e3fb046a23fcfbf08e696d
  SDWebImageWebPCoder: 908b83b6adda48effe7667cd2b7f78c897e5111d
  SocketRocket: fccef3f9c5cedea1353a9ef6ada904fde10d6608
  urbanairship-react-native: 7e2e9a84c541b1d04798e51f7f390a2d5806eac0
  Yoga: f77f6497bccebdcbc8efb03dbf83eadfdec6d104
  YogaKit: f782866e155069a2cca2517aafea43200b01fd5a

PODFILE CHECKSUM: 48093a300788c218e76f70cf6d102915cd993f34

COCOAPODS: 1.11.3
