PODS:
  - Airship (16.11.3):
    - Airship/Automation (= 16.11.3)
    - Airship/Basement (= 16.11.3)
    - Airship/Core (= 16.11.3)
    - Airship/ExtendedActions (= 16.11.3)
    - Airship/MessageCenter (= 16.11.3)
  - Airship/Automation (16.11.3):
    - Airship/Core
  - Airship/Basement (16.11.3)
  - Airship/Core (16.11.3):
    - Airship/Basement
  - Airship/ExtendedActions (16.11.3):
    - Airship/Core
  - Airship/MessageCenter (16.11.3):
    - Airship/Core
  - Airship/PreferenceCenter (16.11.3):
    - Airship/Core
  - AirshipFrameworkProxy (2.0.8):
    - Airship (= 16.11.3)
    - Airship/MessageCenter (= 16.11.3)
    - Airship/PreferenceCenter (= 16.11.3)
  - boost (1.76.0)
  - CocoaAsyncSocket (7.6.5)
  - DoubleConversion (1.1.6)
  - FBLazyVector (0.72.1)
  - FBReactNativeSpec (0.72.1):
    - RCT-Folly (= 2021.07.22.00)
    - RCTRequired (= 0.72.1)
    - RCTTypeSafety (= 0.72.1)
    - React-Core (= 0.72.1)
    - React-jsi (= 0.72.1)
    - ReactCommon/turbomodule/core (= 0.72.1)
  - Firebase/Analytics (8.8.0):
    - Firebase/Core
  - Firebase/Core (8.8.0):
    - Firebase/CoreOnly
    - FirebaseAnalytics (~> 8.8.0)
  - Firebase/CoreOnly (8.8.0):
    - FirebaseCore (= 8.8.0)
  - Firebase/Crashlytics (8.8.0):
    - Firebase/CoreOnly
    - FirebaseCrashlytics (~> 8.8.0)
  - Firebase/Performance (8.8.0):
    - Firebase/CoreOnly
    - FirebasePerformance (~> 8.8.0)
  - FirebaseABTesting (8.15.0):
    - FirebaseCore (~> 8.0)
  - FirebaseAnalytics (8.8.0):
    - FirebaseAnalytics/AdIdSupport (= 8.8.0)
    - FirebaseCore (~> 8.0)
    - FirebaseInstallations (~> 8.0)
    - GoogleUtilities/AppDelegateSwizzler (~> 7.4)
    - GoogleUtilities/MethodSwizzler (~> 7.4)
    - GoogleUtilities/Network (~> 7.4)
    - "GoogleUtilities/NSData+zlib (~> 7.4)"
    - nanopb (~> 2.30908.0)
  - FirebaseAnalytics/AdIdSupport (8.8.0):
    - FirebaseCore (~> 8.0)
    - FirebaseInstallations (~> 8.0)
    - GoogleAppMeasurement (= 8.8.0)
    - GoogleUtilities/AppDelegateSwizzler (~> 7.4)
    - GoogleUtilities/MethodSwizzler (~> 7.4)
    - GoogleUtilities/Network (~> 7.4)
    - "GoogleUtilities/NSData+zlib (~> 7.4)"
    - nanopb (~> 2.30908.0)
  - FirebaseCore (8.8.0):
    - FirebaseCoreDiagnostics (~> 8.0)
    - GoogleUtilities/Environment (~> 7.4)
    - GoogleUtilities/Logger (~> 7.4)
  - FirebaseCoreDiagnostics (8.15.0):
    - GoogleDataTransport (~> 9.1)
    - GoogleUtilities/Environment (~> 7.7)
    - GoogleUtilities/Logger (~> 7.7)
    - nanopb (~> 2.30908.0)
  - FirebaseCrashlytics (8.8.0):
    - FirebaseCore (~> 8.0)
    - FirebaseInstallations (~> 8.0)
    - GoogleDataTransport (~> 9.0)
    - GoogleUtilities/Environment (~> 7.4)
    - nanopb (~> 2.30908.0)
    - PromisesObjC (< 3.0, >= 1.2)
  - FirebaseInstallations (8.15.0):
    - FirebaseCore (~> 8.0)
    - GoogleUtilities/Environment (~> 7.7)
    - GoogleUtilities/UserDefaults (~> 7.7)
    - PromisesObjC (< 3.0, >= 1.2)
  - FirebasePerformance (8.8.0):
    - FirebaseCore (~> 8.0)
    - FirebaseInstallations (~> 8.0)
    - FirebaseRemoteConfig (~> 8.0)
    - GoogleDataTransport (~> 9.0)
    - GoogleUtilities/Environment (~> 7.4)
    - GoogleUtilities/ISASwizzler (~> 7.4)
    - GoogleUtilities/MethodSwizzler (~> 7.4)
    - nanopb (~> 2.30908.0)
  - FirebaseRemoteConfig (8.15.0):
    - FirebaseABTesting (~> 8.0)
    - FirebaseCore (~> 8.0)
    - FirebaseInstallations (~> 8.0)
    - GoogleUtilities/Environment (~> 7.7)
    - "GoogleUtilities/NSData+zlib (~> 7.7)"
  - Flipper (0.182.0):
    - Flipper-Folly (~> 2.6)
  - Flipper-Boost-iOSX (1.76.0.1.11)
  - Flipper-DoubleConversion (3.2.0.1)
  - Flipper-Fmt (7.1.7)
  - Flipper-Folly (2.6.10):
    - Flipper-Boost-iOSX
    - Flipper-DoubleConversion
    - Flipper-Fmt (= 7.1.7)
    - Flipper-Glog
    - libevent (~> 2.1.12)
    - OpenSSL-Universal (= 1.1.1100)
  - Flipper-Glog (0.5.0.5)
  - Flipper-PeerTalk (0.0.4)
  - FlipperKit (0.182.0):
    - FlipperKit/Core (= 0.182.0)
  - FlipperKit/Core (0.182.0):
    - Flipper (~> 0.182.0)
    - FlipperKit/CppBridge
    - FlipperKit/FBCxxFollyDynamicConvert
    - FlipperKit/FBDefines
    - FlipperKit/FKPortForwarding
    - SocketRocket (~> 0.6.0)
  - FlipperKit/CppBridge (0.182.0):
    - Flipper (~> 0.182.0)
  - FlipperKit/FBCxxFollyDynamicConvert (0.182.0):
    - Flipper-Folly (~> 2.6)
  - FlipperKit/FBDefines (0.182.0)
  - FlipperKit/FKPortForwarding (0.182.0):
    - CocoaAsyncSocket (~> 7.6)
    - Flipper-PeerTalk (~> 0.0.4)
  - FlipperKit/FlipperKitHighlightOverlay (0.182.0)
  - FlipperKit/FlipperKitLayoutHelpers (0.182.0):
    - FlipperKit/Core
    - FlipperKit/FlipperKitHighlightOverlay
    - FlipperKit/FlipperKitLayoutTextSearchable
  - FlipperKit/FlipperKitLayoutIOSDescriptors (0.182.0):
    - FlipperKit/Core
    - FlipperKit/FlipperKitHighlightOverlay
    - FlipperKit/FlipperKitLayoutHelpers
    - YogaKit (~> 1.18)
  - FlipperKit/FlipperKitLayoutPlugin (0.182.0):
    - FlipperKit/Core
    - FlipperKit/FlipperKitHighlightOverlay
    - FlipperKit/FlipperKitLayoutHelpers
    - FlipperKit/FlipperKitLayoutIOSDescriptors
    - FlipperKit/FlipperKitLayoutTextSearchable
    - YogaKit (~> 1.18)
  - FlipperKit/FlipperKitLayoutTextSearchable (0.182.0)
  - FlipperKit/FlipperKitNetworkPlugin (0.182.0):
    - FlipperKit/Core
  - FlipperKit/FlipperKitReactPlugin (0.182.0):
    - FlipperKit/Core
  - FlipperKit/FlipperKitUserDefaultsPlugin (0.182.0):
    - FlipperKit/Core
  - FlipperKit/SKIOSNetworkPlugin (0.182.0):
    - FlipperKit/Core
    - FlipperKit/FlipperKitNetworkPlugin
  - fmt (6.2.1)
  - glog (0.3.5)
  - GoogleAppMeasurement (8.8.0):
    - GoogleAppMeasurement/AdIdSupport (= 8.8.0)
    - GoogleUtilities/AppDelegateSwizzler (~> 7.4)
    - GoogleUtilities/MethodSwizzler (~> 7.4)
    - GoogleUtilities/Network (~> 7.4)
    - "GoogleUtilities/NSData+zlib (~> 7.4)"
    - nanopb (~> 2.30908.0)
  - GoogleAppMeasurement/AdIdSupport (8.8.0):
    - GoogleAppMeasurement/WithoutAdIdSupport (= 8.8.0)
    - GoogleUtilities/AppDelegateSwizzler (~> 7.4)
    - GoogleUtilities/MethodSwizzler (~> 7.4)
    - GoogleUtilities/Network (~> 7.4)
    - "GoogleUtilities/NSData+zlib (~> 7.4)"
    - nanopb (~> 2.30908.0)
  - GoogleAppMeasurement/WithoutAdIdSupport (8.8.0):
    - GoogleUtilities/AppDelegateSwizzler (~> 7.4)
    - GoogleUtilities/MethodSwizzler (~> 7.4)
    - GoogleUtilities/Network (~> 7.4)
    - "GoogleUtilities/NSData+zlib (~> 7.4)"
    - nanopb (~> 2.30908.0)
  - GoogleDataTransport (9.2.3):
    - GoogleUtilities/Environment (~> 7.7)
    - nanopb (< 2.30910.0, >= 2.30908.0)
    - PromisesObjC (< 3.0, >= 1.2)
  - GoogleUtilities/AppDelegateSwizzler (7.11.1):
    - GoogleUtilities/Environment
    - GoogleUtilities/Logger
    - GoogleUtilities/Network
  - GoogleUtilities/Environment (7.11.1):
    - PromisesObjC (< 3.0, >= 1.2)
  - GoogleUtilities/ISASwizzler (7.11.1)
  - GoogleUtilities/Logger (7.11.1):
    - GoogleUtilities/Environment
  - GoogleUtilities/MethodSwizzler (7.11.1):
    - GoogleUtilities/Logger
  - GoogleUtilities/Network (7.11.1):
    - GoogleUtilities/Logger
    - "GoogleUtilities/NSData+zlib"
    - GoogleUtilities/Reachability
  - "GoogleUtilities/NSData+zlib (7.11.1)"
  - GoogleUtilities/Reachability (7.11.1):
    - GoogleUtilities/Logger
  - GoogleUtilities/UserDefaults (7.11.1):
    - GoogleUtilities/Logger
  - hermes-engine (0.72.1):
    - hermes-engine/Pre-built (= 0.72.1)
  - hermes-engine/Pre-built (0.72.1)
  - libevent (2.1.12)
  - libwebp (1.2.4):
    - libwebp/demux (= 1.2.4)
    - libwebp/mux (= 1.2.4)
    - libwebp/webp (= 1.2.4)
  - libwebp/demux (1.2.4):
    - libwebp/webp
  - libwebp/mux (1.2.4):
    - libwebp/demux
  - libwebp/webp (1.2.4)
  - lottie-ios (3.4.4)
  - lottie-react-native (5.1.6):
    - lottie-ios (~> 3.4.0)
    - React-Core
  - nanopb (2.30908.0):
    - nanopb/decode (= 2.30908.0)
    - nanopb/encode (= 2.30908.0)
  - nanopb/decode (2.30908.0)
  - nanopb/encode (2.30908.0)
  - Onfido (27.4.0)
  - onfido-react-native-sdk (7.4.0):
    - Onfido (= 27.4.0)
    - React
  - OpenSSL-Universal (1.1.1100)
  - Permission-Camera (3.6.1):
    - RNPermissions
  - Permission-LocationAccuracy (3.6.1):
    - RNPermissions
  - Permission-LocationAlways (3.6.1):
    - RNPermissions
  - Permission-LocationWhenInUse (3.6.1):
    - RNPermissions
  - Plaid (4.1.0)
  - PromisesObjC (2.2.0)
  - RCT-Folly (2021.07.22.00):
    - boost
    - DoubleConversion
    - fmt (~> 6.2.1)
    - glog
    - RCT-Folly/Default (= 2021.07.22.00)
  - RCT-Folly/Default (2021.07.22.00):
    - boost
    - DoubleConversion
    - fmt (~> 6.2.1)
    - glog
  - RCT-Folly/Futures (2021.07.22.00):
    - boost
    - DoubleConversion
    - fmt (~> 6.2.1)
    - glog
    - libevent
  - RCTRequired (0.72.1)
  - RCTTypeSafety (0.72.1):
    - FBLazyVector (= 0.72.1)
    - RCTRequired (= 0.72.1)
    - React-Core (= 0.72.1)
  - React (0.72.1):
    - React-Core (= 0.72.1)
    - React-Core/DevSupport (= 0.72.1)
    - React-Core/RCTWebSocket (= 0.72.1)
    - React-RCTActionSheet (= 0.72.1)
    - React-RCTAnimation (= 0.72.1)
    - React-RCTBlob (= 0.72.1)
    - React-RCTImage (= 0.72.1)
    - React-RCTLinking (= 0.72.1)
    - React-RCTNetwork (= 0.72.1)
    - React-RCTSettings (= 0.72.1)
    - React-RCTText (= 0.72.1)
    - React-RCTVibration (= 0.72.1)
  - React-callinvoker (0.72.1)
  - React-Codegen (0.72.1):
    - DoubleConversion
    - FBReactNativeSpec
    - glog
    - hermes-engine
    - RCT-Folly
    - RCTRequired
    - RCTTypeSafety
    - React-Core
    - React-jsi
    - React-jsiexecutor
    - React-NativeModulesApple
    - React-rncore
    - ReactCommon/turbomodule/bridging
    - ReactCommon/turbomodule/core
  - React-Core (0.72.1):
    - glog
    - hermes-engine
    - RCT-Folly (= 2021.07.22.00)
    - React-Core/Default (= 0.72.1)
    - React-cxxreact
    - React-hermes
    - React-jsi
    - React-jsiexecutor
    - React-perflogger
    - React-runtimeexecutor
    - React-utils
    - SocketRocket (= 0.6.1)
    - Yoga
  - React-Core/CoreModulesHeaders (0.72.1):
    - glog
    - hermes-engine
    - RCT-Folly (= 2021.07.22.00)
    - React-Core/Default
    - React-cxxreact
    - React-hermes
    - React-jsi
    - React-jsiexecutor
    - React-perflogger
    - React-runtimeexecutor
    - React-utils
    - SocketRocket (= 0.6.1)
    - Yoga
  - React-Core/Default (0.72.1):
    - glog
    - hermes-engine
    - RCT-Folly (= 2021.07.22.00)
    - React-cxxreact
    - React-hermes
    - React-jsi
    - React-jsiexecutor
    - React-perflogger
    - React-runtimeexecutor
    - React-utils
    - SocketRocket (= 0.6.1)
    - Yoga
  - React-Core/DevSupport (0.72.1):
    - glog
    - hermes-engine
    - RCT-Folly (= 2021.07.22.00)
    - React-Core/Default (= 0.72.1)
    - React-Core/RCTWebSocket (= 0.72.1)
    - React-cxxreact
    - React-hermes
    - React-jsi
    - React-jsiexecutor
    - React-jsinspector (= 0.72.1)
    - React-perflogger
    - React-runtimeexecutor
    - React-utils
    - SocketRocket (= 0.6.1)
    - Yoga
  - React-Core/RCTActionSheetHeaders (0.72.1):
    - glog
    - hermes-engine
    - RCT-Folly (= 2021.07.22.00)
    - React-Core/Default
    - React-cxxreact
    - React-hermes
    - React-jsi
    - React-jsiexecutor
    - React-perflogger
    - React-runtimeexecutor
    - React-utils
    - SocketRocket (= 0.6.1)
    - Yoga
  - React-Core/RCTAnimationHeaders (0.72.1):
    - glog
    - hermes-engine
    - RCT-Folly (= 2021.07.22.00)
    - React-Core/Default
    - React-cxxreact
    - React-hermes
    - React-jsi
    - React-jsiexecutor
    - React-perflogger
    - React-runtimeexecutor
    - React-utils
    - SocketRocket (= 0.6.1)
    - Yoga
  - React-Core/RCTBlobHeaders (0.72.1):
    - glog
    - hermes-engine
    - RCT-Folly (= 2021.07.22.00)
    - React-Core/Default
    - React-cxxreact
    - React-hermes
    - React-jsi
    - React-jsiexecutor
    - React-perflogger
    - React-runtimeexecutor
    - React-utils
    - SocketRocket (= 0.6.1)
    - Yoga
  - React-Core/RCTImageHeaders (0.72.1):
    - glog
    - hermes-engine
    - RCT-Folly (= 2021.07.22.00)
    - React-Core/Default
    - React-cxxreact
    - React-hermes
    - React-jsi
    - React-jsiexecutor
    - React-perflogger
    - React-runtimeexecutor
    - React-utils
    - SocketRocket (= 0.6.1)
    - Yoga
  - React-Core/RCTLinkingHeaders (0.72.1):
    - glog
    - hermes-engine
    - RCT-Folly (= 2021.07.22.00)
    - React-Core/Default
    - React-cxxreact
    - React-hermes
    - React-jsi
    - React-jsiexecutor
    - React-perflogger
    - React-runtimeexecutor
    - React-utils
    - SocketRocket (= 0.6.1)
    - Yoga
  - React-Core/RCTNetworkHeaders (0.72.1):
    - glog
    - hermes-engine
    - RCT-Folly (= 2021.07.22.00)
    - React-Core/Default
    - React-cxxreact
    - React-hermes
    - React-jsi
    - React-jsiexecutor
    - React-perflogger
    - React-runtimeexecutor
    - React-utils
    - SocketRocket (= 0.6.1)
    - Yoga
  - React-Core/RCTSettingsHeaders (0.72.1):
    - glog
    - hermes-engine
    - RCT-Folly (= 2021.07.22.00)
    - React-Core/Default
    - React-cxxreact
    - React-hermes
    - React-jsi
    - React-jsiexecutor
    - React-perflogger
    - React-runtimeexecutor
    - React-utils
    - SocketRocket (= 0.6.1)
    - Yoga
  - React-Core/RCTTextHeaders (0.72.1):
    - glog
    - hermes-engine
    - RCT-Folly (= 2021.07.22.00)
    - React-Core/Default
    - React-cxxreact
    - React-hermes
    - React-jsi
    - React-jsiexecutor
    - React-perflogger
    - React-runtimeexecutor
    - React-utils
    - SocketRocket (= 0.6.1)
    - Yoga
  - React-Core/RCTVibrationHeaders (0.72.1):
    - glog
    - hermes-engine
    - RCT-Folly (= 2021.07.22.00)
    - React-Core/Default
    - React-cxxreact
    - React-hermes
    - React-jsi
    - React-jsiexecutor
    - React-perflogger
    - React-runtimeexecutor
    - React-utils
    - SocketRocket (= 0.6.1)
    - Yoga
  - React-Core/RCTWebSocket (0.72.1):
    - glog
    - hermes-engine
    - RCT-Folly (= 2021.07.22.00)
    - React-Core/Default (= 0.72.1)
    - React-cxxreact
    - React-hermes
    - React-jsi
    - React-jsiexecutor
    - React-perflogger
    - React-runtimeexecutor
    - React-utils
    - SocketRocket (= 0.6.1)
    - Yoga
  - React-CoreModules (0.72.1):
    - RCT-Folly (= 2021.07.22.00)
    - RCTTypeSafety (= 0.72.1)
    - React-Codegen (= 0.72.1)
    - React-Core/CoreModulesHeaders (= 0.72.1)
    - React-jsi (= 0.72.1)
    - React-RCTBlob
    - React-RCTImage (= 0.72.1)
    - ReactCommon/turbomodule/core (= 0.72.1)
    - SocketRocket (= 0.6.1)
  - React-cxxreact (0.72.1):
    - boost (= 1.76.0)
    - DoubleConversion
    - glog
    - hermes-engine
    - RCT-Folly (= 2021.07.22.00)
    - React-callinvoker (= 0.72.1)
    - React-jsi (= 0.72.1)
    - React-jsinspector (= 0.72.1)
    - React-logger (= 0.72.1)
    - React-perflogger (= 0.72.1)
    - React-runtimeexecutor (= 0.72.1)
  - React-debug (0.72.1)
  - React-hermes (0.72.1):
    - DoubleConversion
    - glog
    - hermes-engine
    - RCT-Folly (= 2021.07.22.00)
    - RCT-Folly/Futures (= 2021.07.22.00)
    - React-cxxreact (= 0.72.1)
    - React-jsi
    - React-jsiexecutor (= 0.72.1)
    - React-jsinspector (= 0.72.1)
    - React-perflogger (= 0.72.1)
  - React-jsi (0.72.1):
    - boost (= 1.76.0)
    - DoubleConversion
    - glog
    - hermes-engine
    - RCT-Folly (= 2021.07.22.00)
  - React-jsiexecutor (0.72.1):
    - DoubleConversion
    - glog
    - hermes-engine
    - RCT-Folly (= 2021.07.22.00)
    - React-cxxreact (= 0.72.1)
    - React-jsi (= 0.72.1)
    - React-perflogger (= 0.72.1)
  - React-jsinspector (0.72.1)
  - React-logger (0.72.1):
    - glog
  - react-native-airship (15.2.6):
    - AirshipFrameworkProxy (= 2.0.8)
    - React-Core
  - react-native-blob-util (0.17.3):
    - React-Core
  - react-native-cameraroll (5.4.0):
    - React-Core
  - react-native-config (1.4.6):
    - react-native-config/App (= 1.4.6)
  - react-native-config/App (1.4.6):
    - React-Core
  - react-native-document-picker (8.1.1):
    - React-Core
  - react-native-flipper (0.159.0):
    - React-Core
  - react-native-image-manipulator (1.0.5):
    - React
  - react-native-image-picker (5.1.0):
    - React-Core
  - react-native-key-command (1.0.1):
    - React-Core
  - react-native-netinfo (9.3.10):
    - React-Core
  - react-native-pager-view (6.2.0):
    - React-Core
  - react-native-pdf (6.6.2):
    - React-Core
  - react-native-performance (4.0.0):
    - React-Core
  - react-native-plaid-link-sdk (10.0.0):
    - Plaid (~> 4.1.0)
    - React-Core
  - react-native-quick-sqlite (8.0.0-beta.2):
    - React
    - React-callinvoker
    - React-Core
  - react-native-render-html (6.3.1):
    - React-Core
  - react-native-safe-area-context (4.4.1):
    - RCT-Folly
    - RCTRequired
    - RCTTypeSafety
    - React-Core
    - ReactCommon/turbomodule/core
  - react-native-view-shot (3.6.0):
    - React-Core
  - react-native-webview (11.23.0):
    - React-Core
  - React-NativeModulesApple (0.72.1):
    - hermes-engine
    - React-callinvoker
    - React-Core
    - React-cxxreact
    - React-jsi
    - React-runtimeexecutor
    - ReactCommon/turbomodule/bridging
    - ReactCommon/turbomodule/core
  - React-perflogger (0.72.1)
  - React-RCTActionSheet (0.72.1):
    - React-Core/RCTActionSheetHeaders (= 0.72.1)
  - React-RCTAnimation (0.72.1):
    - RCT-Folly (= 2021.07.22.00)
    - RCTTypeSafety (= 0.72.1)
    - React-Codegen (= 0.72.1)
    - React-Core/RCTAnimationHeaders (= 0.72.1)
    - React-jsi (= 0.72.1)
    - ReactCommon/turbomodule/core (= 0.72.1)
  - React-RCTAppDelegate (0.72.1):
    - RCT-Folly
    - RCTRequired
    - RCTTypeSafety
    - React-Core
    - React-CoreModules
    - React-hermes
    - React-NativeModulesApple
    - React-RCTImage
    - React-RCTNetwork
    - React-runtimescheduler
    - ReactCommon/turbomodule/core
  - React-RCTBlob (0.72.1):
    - hermes-engine
    - RCT-Folly (= 2021.07.22.00)
    - React-Codegen (= 0.72.1)
    - React-Core/RCTBlobHeaders (= 0.72.1)
    - React-Core/RCTWebSocket (= 0.72.1)
    - React-jsi (= 0.72.1)
    - React-RCTNetwork (= 0.72.1)
    - ReactCommon/turbomodule/core (= 0.72.1)
  - React-RCTImage (0.72.1):
    - RCT-Folly (= 2021.07.22.00)
    - RCTTypeSafety (= 0.72.1)
    - React-Codegen (= 0.72.1)
    - React-Core/RCTImageHeaders (= 0.72.1)
    - React-jsi (= 0.72.1)
    - React-RCTNetwork (= 0.72.1)
    - ReactCommon/turbomodule/core (= 0.72.1)
  - React-RCTLinking (0.72.1):
    - React-Codegen (= 0.72.1)
    - React-Core/RCTLinkingHeaders (= 0.72.1)
    - React-jsi (= 0.72.1)
    - ReactCommon/turbomodule/core (= 0.72.1)
  - React-RCTNetwork (0.72.1):
    - RCT-Folly (= 2021.07.22.00)
    - RCTTypeSafety (= 0.72.1)
    - React-Codegen (= 0.72.1)
    - React-Core/RCTNetworkHeaders (= 0.72.1)
    - React-jsi (= 0.72.1)
    - ReactCommon/turbomodule/core (= 0.72.1)
  - React-RCTSettings (0.72.1):
    - RCT-Folly (= 2021.07.22.00)
    - RCTTypeSafety (= 0.72.1)
    - React-Codegen (= 0.72.1)
    - React-Core/RCTSettingsHeaders (= 0.72.1)
    - React-jsi (= 0.72.1)
    - ReactCommon/turbomodule/core (= 0.72.1)
  - React-RCTText (0.72.1):
    - React-Core/RCTTextHeaders (= 0.72.1)
  - React-RCTVibration (0.72.1):
    - RCT-Folly (= 2021.07.22.00)
    - React-Codegen (= 0.72.1)
    - React-Core/RCTVibrationHeaders (= 0.72.1)
    - React-jsi (= 0.72.1)
    - ReactCommon/turbomodule/core (= 0.72.1)
  - React-rncore (0.72.1)
  - React-runtimeexecutor (0.72.1):
    - React-jsi (= 0.72.1)
  - React-runtimescheduler (0.72.1):
    - glog
    - hermes-engine
    - RCT-Folly (= 2021.07.22.00)
    - React-callinvoker
    - React-debug
    - React-jsi
    - React-runtimeexecutor
  - React-utils (0.72.1):
    - glog
    - RCT-Folly (= 2021.07.22.00)
    - React-debug
  - ReactCommon/turbomodule/bridging (0.72.1):
    - DoubleConversion
    - glog
    - hermes-engine
    - RCT-Folly (= 2021.07.22.00)
    - React-callinvoker (= 0.72.1)
    - React-cxxreact (= 0.72.1)
    - React-jsi (= 0.72.1)
    - React-logger (= 0.72.1)
    - React-perflogger (= 0.72.1)
  - ReactCommon/turbomodule/core (0.72.1):
    - DoubleConversion
    - glog
    - hermes-engine
    - RCT-Folly (= 2021.07.22.00)
    - React-callinvoker (= 0.72.1)
    - React-cxxreact (= 0.72.1)
    - React-jsi (= 0.72.1)
    - React-logger (= 0.72.1)
    - React-perflogger (= 0.72.1)
  - RNCAsyncStorage (1.17.11):
    - React-Core
  - RNCClipboard (1.5.1):
    - React-Core
  - RNCPicker (2.4.4):
    - React-Core
  - RNDateTimePicker (3.5.2):
    - React-Core
  - RNDeviceInfo (10.3.0):
    - React-Core
  - RNDevMenu (4.1.1):
    - React-Core
    - React-Core/DevSupport
    - React-RCTNetwork
  - RNFastImage (8.6.3):
    - React-Core
    - SDWebImage (~> 5.11.1)
    - SDWebImageWebPCoder (~> 0.8.4)
  - RNFBAnalytics (12.9.3):
    - Firebase/Analytics (= 8.8.0)
    - React-Core
    - RNFBApp
  - RNFBApp (12.9.3):
    - Firebase/CoreOnly (= 8.8.0)
    - React-Core
  - RNFBCrashlytics (12.9.3):
    - Firebase/Crashlytics (= 8.8.0)
    - React-Core
    - RNFBApp
  - RNFBPerf (12.9.3):
    - Firebase/Performance (= 8.8.0)
    - React-Core
    - RNFBApp
  - RNFS (2.20.0):
    - React-Core
  - RNGestureHandler (2.12.0):
    - React-Core
  - RNLocalize (2.2.6):
    - React-Core
  - RNPermissions (3.6.1):
    - React-Core
  - RNReactNativeHapticFeedback (1.14.0):
    - React-Core
  - RNReanimated (3.4.0):
    - DoubleConversion
    - FBLazyVector
    - glog
    - hermes-engine
    - RCT-Folly
    - RCTRequired
    - RCTTypeSafety
    - React-callinvoker
    - React-Core
    - React-Core/DevSupport
    - React-Core/RCTWebSocket
    - React-CoreModules
    - React-cxxreact
    - React-hermes
    - React-jsi
    - React-jsiexecutor
    - React-jsinspector
    - React-RCTActionSheet
    - React-RCTAnimation
    - React-RCTAppDelegate
    - React-RCTBlob
    - React-RCTImage
    - React-RCTLinking
    - React-RCTNetwork
    - React-RCTSettings
    - React-RCTText
    - ReactCommon/turbomodule/core
    - Yoga
  - RNScreens (3.21.0):
    - React-Core
    - React-RCTImage
  - RNSVG (13.9.0):
    - React-Core
  - SDWebImage (5.11.1):
    - SDWebImage/Core (= 5.11.1)
  - SDWebImage/Core (5.11.1)
  - SDWebImageWebPCoder (0.8.5):
    - libwebp (~> 1.0)
    - SDWebImage/Core (~> 5.10)
  - SocketRocket (0.6.1)
  - VisionCamera (2.15.4):
    - React
    - React-callinvoker
    - React-Core
  - Yoga (1.14.0)
  - YogaKit (1.18.1):
    - Yoga (~> 1.14)

DEPENDENCIES:
  - boost (from `../node_modules/react-native/third-party-podspecs/boost.podspec`)
  - DoubleConversion (from `../node_modules/react-native/third-party-podspecs/DoubleConversion.podspec`)
  - FBLazyVector (from `../node_modules/react-native/Libraries/FBLazyVector`)
  - FBReactNativeSpec (from `../node_modules/react-native/React/FBReactNativeSpec`)
  - Flipper (= 0.182.0)
  - Flipper-Boost-iOSX (= 1.76.0.1.11)
  - Flipper-DoubleConversion (= 3.2.0.1)
  - Flipper-Fmt (= 7.1.7)
  - Flipper-Folly (= 2.6.10)
  - Flipper-Glog (= 0.5.0.5)
  - Flipper-PeerTalk (= 0.0.4)
  - FlipperKit (= 0.182.0)
  - FlipperKit/Core (= 0.182.0)
  - FlipperKit/CppBridge (= 0.182.0)
  - FlipperKit/FBCxxFollyDynamicConvert (= 0.182.0)
  - FlipperKit/FBDefines (= 0.182.0)
  - FlipperKit/FKPortForwarding (= 0.182.0)
  - FlipperKit/FlipperKitHighlightOverlay (= 0.182.0)
  - FlipperKit/FlipperKitLayoutPlugin (= 0.182.0)
  - FlipperKit/FlipperKitLayoutTextSearchable (= 0.182.0)
  - FlipperKit/FlipperKitNetworkPlugin (= 0.182.0)
  - FlipperKit/FlipperKitReactPlugin (= 0.182.0)
  - FlipperKit/FlipperKitUserDefaultsPlugin (= 0.182.0)
  - FlipperKit/SKIOSNetworkPlugin (= 0.182.0)
  - glog (from `../node_modules/react-native/third-party-podspecs/glog.podspec`)
  - hermes-engine (from `../node_modules/react-native/sdks/hermes-engine/hermes-engine.podspec`)
  - libevent (~> 2.1.12)
  - lottie-react-native (from `../node_modules/lottie-react-native`)
  - "onfido-react-native-sdk (from `../node_modules/@onfido/react-native-sdk`)"
  - OpenSSL-Universal (= 1.1.1100)
  - Permission-Camera (from `../node_modules/react-native-permissions/ios/Camera`)
  - Permission-LocationAccuracy (from `../node_modules/react-native-permissions/ios/LocationAccuracy`)
  - Permission-LocationAlways (from `../node_modules/react-native-permissions/ios/LocationAlways`)
  - Permission-LocationWhenInUse (from `../node_modules/react-native-permissions/ios/LocationWhenInUse`)
  - RCT-Folly (from `../node_modules/react-native/third-party-podspecs/RCT-Folly.podspec`)
  - RCTRequired (from `../node_modules/react-native/Libraries/RCTRequired`)
  - RCTTypeSafety (from `../node_modules/react-native/Libraries/TypeSafety`)
  - React (from `../node_modules/react-native/`)
  - React-callinvoker (from `../node_modules/react-native/ReactCommon/callinvoker`)
  - React-Codegen (from `build/generated/ios`)
  - React-Core (from `../node_modules/react-native/`)
  - React-Core/DevSupport (from `../node_modules/react-native/`)
  - React-Core/RCTWebSocket (from `../node_modules/react-native/`)
  - React-CoreModules (from `../node_modules/react-native/React/CoreModules`)
  - React-cxxreact (from `../node_modules/react-native/ReactCommon/cxxreact`)
  - React-debug (from `../node_modules/react-native/ReactCommon/react/debug`)
  - React-hermes (from `../node_modules/react-native/ReactCommon/hermes`)
  - React-jsi (from `../node_modules/react-native/ReactCommon/jsi`)
  - React-jsiexecutor (from `../node_modules/react-native/ReactCommon/jsiexecutor`)
  - React-jsinspector (from `../node_modules/react-native/ReactCommon/jsinspector`)
  - React-logger (from `../node_modules/react-native/ReactCommon/logger`)
  - "react-native-airship (from `../node_modules/@ua/react-native-airship`)"
  - react-native-blob-util (from `../node_modules/react-native-blob-util`)
  - "react-native-cameraroll (from `../node_modules/@react-native-camera-roll/camera-roll`)"
  - react-native-config (from `../node_modules/react-native-config`)
  - react-native-document-picker (from `../node_modules/react-native-document-picker`)
  - react-native-flipper (from `../node_modules/react-native-flipper`)
  - "react-native-image-manipulator (from `../node_modules/@oguzhnatly/react-native-image-manipulator`)"
  - react-native-image-picker (from `../node_modules/react-native-image-picker`)
  - react-native-key-command (from `../node_modules/react-native-key-command`)
  - "react-native-netinfo (from `../node_modules/@react-native-community/netinfo`)"
  - react-native-pager-view (from `../node_modules/react-native-pager-view`)
  - react-native-pdf (from `../node_modules/react-native-pdf`)
  - react-native-performance (from `../node_modules/react-native-performance`)
  - react-native-plaid-link-sdk (from `../node_modules/react-native-plaid-link-sdk`)
  - react-native-quick-sqlite (from `../node_modules/react-native-quick-sqlite`)
  - react-native-render-html (from `../node_modules/react-native-render-html`)
  - react-native-safe-area-context (from `../node_modules/react-native-safe-area-context`)
  - react-native-view-shot (from `../node_modules/react-native-view-shot`)
  - react-native-webview (from `../node_modules/react-native-webview`)
  - React-NativeModulesApple (from `../node_modules/react-native/ReactCommon/react/nativemodule/core/platform/ios`)
  - React-perflogger (from `../node_modules/react-native/ReactCommon/reactperflogger`)
  - React-RCTActionSheet (from `../node_modules/react-native/Libraries/ActionSheetIOS`)
  - React-RCTAnimation (from `../node_modules/react-native/Libraries/NativeAnimation`)
  - React-RCTAppDelegate (from `../node_modules/react-native/Libraries/AppDelegate`)
  - React-RCTBlob (from `../node_modules/react-native/Libraries/Blob`)
  - React-RCTImage (from `../node_modules/react-native/Libraries/Image`)
  - React-RCTLinking (from `../node_modules/react-native/Libraries/LinkingIOS`)
  - React-RCTNetwork (from `../node_modules/react-native/Libraries/Network`)
  - React-RCTSettings (from `../node_modules/react-native/Libraries/Settings`)
  - React-RCTText (from `../node_modules/react-native/Libraries/Text`)
  - React-RCTVibration (from `../node_modules/react-native/Libraries/Vibration`)
  - React-rncore (from `../node_modules/react-native/ReactCommon`)
  - React-runtimeexecutor (from `../node_modules/react-native/ReactCommon/runtimeexecutor`)
  - React-runtimescheduler (from `../node_modules/react-native/ReactCommon/react/renderer/runtimescheduler`)
  - React-utils (from `../node_modules/react-native/ReactCommon/react/utils`)
  - ReactCommon/turbomodule/core (from `../node_modules/react-native/ReactCommon`)
  - "RNCAsyncStorage (from `../node_modules/@react-native-async-storage/async-storage`)"
  - "RNCClipboard (from `../node_modules/@react-native-community/clipboard`)"
  - "RNCPicker (from `../node_modules/@react-native-picker/picker`)"
  - "RNDateTimePicker (from `../node_modules/@react-native-community/datetimepicker`)"
  - RNDeviceInfo (from `../node_modules/react-native-device-info`)
  - RNDevMenu (from `../node_modules/react-native-dev-menu`)
  - RNFastImage (from `../node_modules/react-native-fast-image`)
  - "RNFBAnalytics (from `../node_modules/@react-native-firebase/analytics`)"
  - "RNFBApp (from `../node_modules/@react-native-firebase/app`)"
  - "RNFBCrashlytics (from `../node_modules/@react-native-firebase/crashlytics`)"
  - "RNFBPerf (from `../node_modules/@react-native-firebase/perf`)"
  - RNFS (from `../node_modules/react-native-fs`)
  - RNGestureHandler (from `../node_modules/react-native-gesture-handler`)
  - RNLocalize (from `../node_modules/react-native-localize`)
  - RNPermissions (from `../node_modules/react-native-permissions`)
  - RNReactNativeHapticFeedback (from `../node_modules/react-native-haptic-feedback`)
  - RNReanimated (from `../node_modules/react-native-reanimated`)
  - RNScreens (from `../node_modules/react-native-screens`)
  - RNSVG (from `../node_modules/react-native-svg`)
  - VisionCamera (from `../node_modules/react-native-vision-camera`)
  - Yoga (from `../node_modules/react-native/ReactCommon/yoga`)

SPEC REPOS:
  trunk:
    - Airship
    - AirshipFrameworkProxy
    - CocoaAsyncSocket
    - Firebase
    - FirebaseABTesting
    - FirebaseAnalytics
    - FirebaseCore
    - FirebaseCoreDiagnostics
    - FirebaseCrashlytics
    - FirebaseInstallations
    - FirebasePerformance
    - FirebaseRemoteConfig
    - Flipper
    - Flipper-Boost-iOSX
    - Flipper-DoubleConversion
    - Flipper-Fmt
    - Flipper-Folly
    - Flipper-Glog
    - Flipper-PeerTalk
    - FlipperKit
    - fmt
    - GoogleAppMeasurement
    - GoogleDataTransport
    - GoogleUtilities
    - libevent
    - libwebp
    - lottie-ios
    - nanopb
    - Onfido
    - OpenSSL-Universal
    - Plaid
    - PromisesObjC
    - SDWebImage
    - SDWebImageWebPCoder
    - SocketRocket
    - YogaKit

EXTERNAL SOURCES:
  boost:
    :podspec: "../node_modules/react-native/third-party-podspecs/boost.podspec"
  DoubleConversion:
    :podspec: "../node_modules/react-native/third-party-podspecs/DoubleConversion.podspec"
  FBLazyVector:
    :path: "../node_modules/react-native/Libraries/FBLazyVector"
  FBReactNativeSpec:
    :path: "../node_modules/react-native/React/FBReactNativeSpec"
  glog:
    :podspec: "../node_modules/react-native/third-party-podspecs/glog.podspec"
  hermes-engine:
    :podspec: "../node_modules/react-native/sdks/hermes-engine/hermes-engine.podspec"
    :tag: hermes-2023-03-20-RNv0.72.0-49794cfc7c81fb8f69fd60c3bbf85a7480cc5a77
  lottie-react-native:
    :path: "../node_modules/lottie-react-native"
  onfido-react-native-sdk:
    :path: "../node_modules/@onfido/react-native-sdk"
  Permission-Camera:
    :path: "../node_modules/react-native-permissions/ios/Camera"
  Permission-LocationAccuracy:
    :path: "../node_modules/react-native-permissions/ios/LocationAccuracy"
  Permission-LocationAlways:
    :path: "../node_modules/react-native-permissions/ios/LocationAlways"
  Permission-LocationWhenInUse:
    :path: "../node_modules/react-native-permissions/ios/LocationWhenInUse"
  RCT-Folly:
    :podspec: "../node_modules/react-native/third-party-podspecs/RCT-Folly.podspec"
  RCTRequired:
    :path: "../node_modules/react-native/Libraries/RCTRequired"
  RCTTypeSafety:
    :path: "../node_modules/react-native/Libraries/TypeSafety"
  React:
    :path: "../node_modules/react-native/"
  React-callinvoker:
    :path: "../node_modules/react-native/ReactCommon/callinvoker"
  React-Codegen:
    :path: build/generated/ios
  React-Core:
    :path: "../node_modules/react-native/"
  React-CoreModules:
    :path: "../node_modules/react-native/React/CoreModules"
  React-cxxreact:
    :path: "../node_modules/react-native/ReactCommon/cxxreact"
  React-debug:
    :path: "../node_modules/react-native/ReactCommon/react/debug"
  React-hermes:
    :path: "../node_modules/react-native/ReactCommon/hermes"
  React-jsi:
    :path: "../node_modules/react-native/ReactCommon/jsi"
  React-jsiexecutor:
    :path: "../node_modules/react-native/ReactCommon/jsiexecutor"
  React-jsinspector:
    :path: "../node_modules/react-native/ReactCommon/jsinspector"
  React-logger:
    :path: "../node_modules/react-native/ReactCommon/logger"
  react-native-airship:
    :path: "../node_modules/@ua/react-native-airship"
  react-native-blob-util:
    :path: "../node_modules/react-native-blob-util"
  react-native-cameraroll:
    :path: "../node_modules/@react-native-camera-roll/camera-roll"
  react-native-config:
    :path: "../node_modules/react-native-config"
  react-native-document-picker:
    :path: "../node_modules/react-native-document-picker"
  react-native-flipper:
    :path: "../node_modules/react-native-flipper"
  react-native-image-manipulator:
    :path: "../node_modules/@oguzhnatly/react-native-image-manipulator"
  react-native-image-picker:
    :path: "../node_modules/react-native-image-picker"
  react-native-key-command:
    :path: "../node_modules/react-native-key-command"
  react-native-netinfo:
    :path: "../node_modules/@react-native-community/netinfo"
  react-native-pager-view:
    :path: "../node_modules/react-native-pager-view"
  react-native-pdf:
    :path: "../node_modules/react-native-pdf"
  react-native-performance:
    :path: "../node_modules/react-native-performance"
  react-native-plaid-link-sdk:
    :path: "../node_modules/react-native-plaid-link-sdk"
  react-native-quick-sqlite:
    :path: "../node_modules/react-native-quick-sqlite"
  react-native-render-html:
    :path: "../node_modules/react-native-render-html"
  react-native-safe-area-context:
    :path: "../node_modules/react-native-safe-area-context"
  react-native-view-shot:
    :path: "../node_modules/react-native-view-shot"
  react-native-webview:
    :path: "../node_modules/react-native-webview"
  React-NativeModulesApple:
    :path: "../node_modules/react-native/ReactCommon/react/nativemodule/core/platform/ios"
  React-perflogger:
    :path: "../node_modules/react-native/ReactCommon/reactperflogger"
  React-RCTActionSheet:
    :path: "../node_modules/react-native/Libraries/ActionSheetIOS"
  React-RCTAnimation:
    :path: "../node_modules/react-native/Libraries/NativeAnimation"
  React-RCTAppDelegate:
    :path: "../node_modules/react-native/Libraries/AppDelegate"
  React-RCTBlob:
    :path: "../node_modules/react-native/Libraries/Blob"
  React-RCTImage:
    :path: "../node_modules/react-native/Libraries/Image"
  React-RCTLinking:
    :path: "../node_modules/react-native/Libraries/LinkingIOS"
  React-RCTNetwork:
    :path: "../node_modules/react-native/Libraries/Network"
  React-RCTSettings:
    :path: "../node_modules/react-native/Libraries/Settings"
  React-RCTText:
    :path: "../node_modules/react-native/Libraries/Text"
  React-RCTVibration:
    :path: "../node_modules/react-native/Libraries/Vibration"
  React-rncore:
    :path: "../node_modules/react-native/ReactCommon"
  React-runtimeexecutor:
    :path: "../node_modules/react-native/ReactCommon/runtimeexecutor"
  React-runtimescheduler:
    :path: "../node_modules/react-native/ReactCommon/react/renderer/runtimescheduler"
  React-utils:
    :path: "../node_modules/react-native/ReactCommon/react/utils"
  ReactCommon:
    :path: "../node_modules/react-native/ReactCommon"
  RNCAsyncStorage:
    :path: "../node_modules/@react-native-async-storage/async-storage"
  RNCClipboard:
    :path: "../node_modules/@react-native-community/clipboard"
  RNCPicker:
    :path: "../node_modules/@react-native-picker/picker"
  RNDateTimePicker:
    :path: "../node_modules/@react-native-community/datetimepicker"
  RNDeviceInfo:
    :path: "../node_modules/react-native-device-info"
  RNDevMenu:
    :path: "../node_modules/react-native-dev-menu"
  RNFastImage:
    :path: "../node_modules/react-native-fast-image"
  RNFBAnalytics:
    :path: "../node_modules/@react-native-firebase/analytics"
  RNFBApp:
    :path: "../node_modules/@react-native-firebase/app"
  RNFBCrashlytics:
    :path: "../node_modules/@react-native-firebase/crashlytics"
  RNFBPerf:
    :path: "../node_modules/@react-native-firebase/perf"
  RNFS:
    :path: "../node_modules/react-native-fs"
  RNGestureHandler:
    :path: "../node_modules/react-native-gesture-handler"
  RNLocalize:
    :path: "../node_modules/react-native-localize"
  RNPermissions:
    :path: "../node_modules/react-native-permissions"
  RNReactNativeHapticFeedback:
    :path: "../node_modules/react-native-haptic-feedback"
  RNReanimated:
    :path: "../node_modules/react-native-reanimated"
  RNScreens:
    :path: "../node_modules/react-native-screens"
  RNSVG:
    :path: "../node_modules/react-native-svg"
  VisionCamera:
    :path: "../node_modules/react-native-vision-camera"
  Yoga:
    :path: "../node_modules/react-native/ReactCommon/yoga"

SPEC CHECKSUMS:
  Airship: c70eed50e429f97f5adb285423c7291fb7a032ae
  AirshipFrameworkProxy: 7bc4130c668c6c98e2d4c60fe4c9eb61a999be99
  boost: 57d2868c099736d80fcd648bf211b4431e51a558
  CocoaAsyncSocket: 065fd1e645c7abab64f7a6a2007a48038fdc6a99
  DoubleConversion: 5189b271737e1565bdce30deb4a08d647e3f5f54
  FBLazyVector: 55cd4593d570bd9e5e227488d637ce6a9581ce51
  FBReactNativeSpec: 799b0e1a1561699cd0e424e24fe5624da38402f0
  Firebase: 629510f1a9ddb235f3a7c5c8ceb23ba887f0f814
  FirebaseABTesting: 10cbce8db9985ae2e3847ea44e9947dd18f94e10
  FirebaseAnalytics: 5506ea8b867d8423485a84b4cd612d279f7b0b8a
  FirebaseCore: 98b29e3828f0a53651c363937a7f7d92a19f1ba2
  FirebaseCoreDiagnostics: 92e07a649aeb66352b319d43bdd2ee3942af84cb
  FirebaseCrashlytics: 3660c045c8e45cc4276110562a0ef44cf43c8157
  FirebaseInstallations: 40bd9054049b2eae9a2c38ef1c3dd213df3605cd
  FirebasePerformance: 0c01a7a496657d7cea86d40c0b1725259d164c6c
  FirebaseRemoteConfig: 2d6e2cfdb49af79535c8af8a80a4a5009038ec2b
  Flipper: 6edb735e6c3e332975d1b17956bcc584eccf5818
  Flipper-Boost-iOSX: fd1e2b8cbef7e662a122412d7ac5f5bea715403c
  Flipper-DoubleConversion: 2dc99b02f658daf147069aad9dbd29d8feb06d30
  Flipper-Fmt: 60cbdd92fc254826e61d669a5d87ef7015396a9b
  Flipper-Folly: 584845625005ff068a6ebf41f857f468decd26b3
  Flipper-Glog: 70c50ce58ddaf67dc35180db05f191692570f446
  Flipper-PeerTalk: 116d8f857dc6ef55c7a5a75ea3ceaafe878aadc9
  FlipperKit: 2efad7007d6745a3f95e4034d547be637f89d3f6
  fmt: ff9d55029c625d3757ed641535fd4a75fedc7ce9
  glog: 04b94705f318337d7ead9e6d17c019bd9b1f6b1b
  GoogleAppMeasurement: 5ba1164e3c844ba84272555e916d0a6d3d977e91
  GoogleDataTransport: f0308f5905a745f94fb91fea9c6cbaf3831cb1bd
  GoogleUtilities: 9aa0ad5a7bc171f8bae016300bfcfa3fb8425749
  hermes-engine: 9df83855a0fd15ef8eb61694652bae636b0c466e
  libevent: 4049cae6c81cdb3654a443be001fb9bdceff7913
  libwebp: f62cb61d0a484ba548448a4bd52aabf150ff6eef
  lottie-ios: 8f97d3271e155c2d688875c29cd3c74908aef5f8
  lottie-react-native: 8f9d4be452e23f6e5ca0fdc11669dc99ab52be81
  nanopb: a0ba3315591a9ae0a16a309ee504766e90db0c96
  Onfido: e36f284b865adcf99d9c905590a64ac09d4a576b
  onfido-react-native-sdk: 4ecde1a97435dcff9f00a878e3f8d1eb14fabbdc
  OpenSSL-Universal: ebc357f1e6bc71fa463ccb2fe676756aff50e88c
  Permission-Camera: bf6791b17c7f614b6826019fcfdcc286d3a107f6
  Permission-LocationAccuracy: 76df17de5c6b8bc2eee34e61ee92cdd7a864c73d
  Permission-LocationAlways: 8d99b025c9f73c696e0cdb367e42525f2e9a26f2
  Permission-LocationWhenInUse: 3ba99e45c852763f730eabecec2870c2382b7bd4
  Plaid: 7d340abeadb46c7aa1a91f896c5b22395a31fcf2
  PromisesObjC: 09985d6d70fbe7878040aa746d78236e6946d2ef
  RCT-Folly: 424b8c9a7a0b9ab2886ffe9c3b041ef628fd4fb1
  RCTRequired: c52ee8fb2b35c1b54031dd8e92d88ad4dba8f2ce
  RCTTypeSafety: 75fa444becadf0ebfa0a456b8c64560c7c89c7df
  React: 3e5b3962f27b7334eaf5517a35b3434503df35ad
  React-callinvoker: c3a225610efe0caadac78da53b6fe78e53eb2b03
  React-Codegen: bba20685e5c1515f8ecb289bd9770835a1338125
  React-Core: 6f6564ea4c5fc118757c945b6359a36aaea86216
  React-CoreModules: ab635016811b610a93e873485f6f900ce0582192
  React-cxxreact: f82f0f1832606fabb9e8c9d61c4230704a3d2d2f
  React-debug: 8aa2bd54b0f0011049300ce3339b0e51254ef3b5
  React-hermes: f076cb5f7351d6cc1600125bef3259ea880460fb
  React-jsi: 9f381c8594161b2328b93cd3ba5d0bcfcd1e093a
  React-jsiexecutor: 184eae1ecdedc7a083194bd9ff809c93f08fd34c
  React-jsinspector: d0b5bfd1085599265f4212034321e829bdf83cc0
  React-logger: b8103c9b04e707b50cdd2b1aeb382483900cbb37
  react-native-airship: 5d19f4ba303481cf4101ff9dee9249ef6a8a6b64
  react-native-blob-util: 99f4d79189252f597fe0d810c57a3733b1b1dea6
  react-native-cameraroll: 8ffb0af7a5e5de225fd667610e2979fc1f0c2151
  react-native-config: 7cd105e71d903104e8919261480858940a6b9c0e
  react-native-document-picker: f68191637788994baed5f57d12994aa32cf8bf88
  react-native-flipper: dc5290261fbeeb2faec1bdc57ae6dd8d562e1de4
  react-native-image-manipulator: c48f64221cfcd46e9eec53619c4c0374f3328a56
  react-native-image-picker: c33d4e79f0a14a2b66e5065e14946ae63749660b
  react-native-key-command: c2645ec01eb1fa664606c09480c05cb4220ef67b
  react-native-netinfo: ccbe1085dffd16592791d550189772e13bf479e2
  react-native-pager-view: 0ccb8bf60e2ebd38b1f3669fa3650ecce81db2df
  react-native-pdf: 33c622cbdf776a649929e8b9d1ce2d313347c4fa
  react-native-performance: 224bd53e6a835fda4353302cf891d088a0af7406
  react-native-plaid-link-sdk: 9eb0f71dad94b3bdde649c7a384cba93024af46c
  react-native-quick-sqlite: bcc7a7a250a40222f18913a97cd356bf82d0a6c4
  react-native-render-html: 96c979fe7452a0a41559685d2f83b12b93edac8c
  react-native-safe-area-context: 99b24a0c5acd0d5dcac2b1a7f18c49ea317be99a
  react-native-view-shot: 705f999ac2a24e4e6c909c0ca65c732ed33ca2ff
  react-native-webview: e771bc375f789ebfa02a26939a57dbc6fa897336
  React-NativeModulesApple: 4f31a812364443cee6ef768d256c594ad3b20f53
  React-perflogger: 3d501f34c8d4b10cb75f348e43591765788525ad
  React-RCTActionSheet: f5335572c979198c0c3daff67b07bd1ad8370c1d
  React-RCTAnimation: 5d0d31a4f9c49a70f93f32e4da098fb49b5ae0b3
  React-RCTAppDelegate: 01ddbdeb01b7cefa932cb66a17299d60620e820d
  React-RCTBlob: 280d2605ba10b8f2282f1e8a849584368577251a
  React-RCTImage: e15d22db53406401cdd1407ce51080a66a9c7ed4
  React-RCTLinking: 39815800ec79d6fb15e6329244d195ebeabf7541
  React-RCTNetwork: 2a6548e13d2577b112d4250ac5be74ae62e1e86b
  React-RCTSettings: a76aee44d5398144646be146c334b15c90ad9582
  React-RCTText: afad390f3838f210c2bc9e1a19bb048003b2a771
  React-RCTVibration: 29bbaa5c57c02dc036d7e557584b492000b1d3e7
  React-rncore: 50966ce412d63bee9ffe5c98249857c23870a3c4
  React-runtimeexecutor: d129f2b53d61298093d7c7d8ebfafa664f911ce6
  React-runtimescheduler: 67707a955b9ecc628cc38bdc721fbc498910f0fd
  React-utils: 0a70ea97d4e2749f336b450c082905be1d389435
  ReactCommon: e593d19c9e271a6da4d0bd7f13b28cfeae5d164b
  RNCAsyncStorage: 8616bd5a58af409453ea4e1b246521bb76578d60
  RNCClipboard: 41d8d918092ae8e676f18adada19104fa3e68495
  RNCPicker: 0b65be85fe7954fbb2062ef079e3d1cde252d888
  RNDateTimePicker: 7658208086d86d09e1627b5c34ba0cf237c60140
  RNDeviceInfo: 4701f0bf2a06b34654745053db0ce4cb0c53ada7
  RNDevMenu: 72807568fe4188bd4c40ce32675d82434b43c45d
  RNFastImage: 5c9c9fed9c076e521b3f509fe79e790418a544e8
  RNFBAnalytics: f76bfa164ac235b00505deb9fc1776634056898c
  RNFBApp: 729c0666395b1953198dc4a1ec6deb8fbe1c302e
  RNFBCrashlytics: 2061ca863e8e2fa1aae9b12477d7dfa8e88ca0f9
  RNFBPerf: 389914cda4000fe0d996a752532a591132cbf3f9
  RNFS: 4ac0f0ea233904cb798630b3c077808c06931688
  RNGestureHandler: dec4645026e7401a0899f2846d864403478ff6a5
  RNLocalize: d4b8af4e442d4bcca54e68fc687a2129b4d71a81
  RNPermissions: dcdb7b99796bbeda6975a6e79ad519c41b251b1c
  RNReactNativeHapticFeedback: 1e3efeca9628ff9876ee7cdd9edec1b336913f8c
  RNReanimated: 020859659f64be2d30849a1fe88c821a7c3e0cbf
  RNScreens: d037903436160a4b039d32606668350d2a808806
  RNSVG: 53c661b76829783cdaf9b7a57258f3d3b4c28315
  SDWebImage: a7f831e1a65eb5e285e3fb046a23fcfbf08e696d
  SDWebImageWebPCoder: 908b83b6adda48effe7667cd2b7f78c897e5111d
  SocketRocket: f32cd54efbe0f095c4d7594881e52619cfe80b17
  VisionCamera: d3ec8883417a6a4a0e3a6ba37d81d22db7611601
  Yoga: 65286bb6a07edce5e4fe8c90774da977ae8fc009
  YogaKit: f782866e155069a2cca2517aafea43200b01fd5a

PODFILE CHECKSUM: bc8161c6bfffeec6e6eaf84be18de5041ddcacf6

COCOAPODS: 1.11.3
