PODS:
  - AFNetworking (4.0.1)
  - boost (1.84.0)
  - fast_float (6.1.6)
  - fmt (11.0.2)
  - glog (0.3.5)
  - RCT-Folly (2024.11.18.00)
  - SocketRocket (0.7.1)
  - hermes-engine (250829098.0.14):
    - hermes-engine/Pre-built (= 250829098.0.14)
  - hermes-engine/Pre-built (250829098.0.14)
  - RNSVG (15.14.0):
    - React-Core
  - Yoga (0.0.0)

DEPENDENCIES:
  - hermes-engine (from `../node_modules/react-native/sdks/hermes-engine/hermes-engine.podspec`)
  - RNSVG (from `../node_modules/react-native-svg`)

EXTERNAL SOURCES:
  hermes-engine:
    :podspec: "../node_modules/react-native/sdks/hermes-engine/hermes-engine.podspec"
    :tag: hermes-v250829098.0.14
  RNSVG:
    :path: "../node_modules/react-native-svg"

SPEC CHECKSUMS:
  AFNetworking: 0000000000000000000000000000000000000000
  hermes-engine: 0000000000000000000000000000000000000000

PODFILE CHECKSUM: 0000000000000000000000000000000000000000

COCOAPODS: 1.16.2
