PODS:
  - AFNetworking (4.0.1)
  - React-Core-prebuilt (0.86.0)
  - ReactNativeDependencies (0.86.0)
  - hermes-engine (250829098.0.14)
  - RNSVG (15.14.0):
    - React-Core
  - Yoga (0.0.0)

DEPENDENCIES:
  - hermes-engine (from `../node_modules/react-native/sdks/hermes-engine/hermes-engine.podspec`)
  - RNSVG (from `../node_modules/react-native-svg`)

EXTERNAL SOURCES:
  hermes-engine:
    :podspec: "../node_modules/react-native/sdks/hermes-engine/hermes-engine.podspec"
    :tag: hermes-v250829098.0.14
  RNSVG:
    :path: "../node_modules/react-native-svg"

SPEC CHECKSUMS:
  AFNetworking: 0000000000000000000000000000000000000000
  hermes-engine: 0000000000000000000000000000000000000000

PODFILE CHECKSUM: 0000000000000000000000000000000000000000

COCOAPODS: 1.16.2
